<?xml version="1.0" encoding="UTF-8" standalone="yes" ?>
<CodeBlocks_project_file>
	<FileVersion major="1" minor="4" />
	<Project>
		<Option title="Transformations" />
		<Option compiler="gcc" />
		<Build>
			<Target title="mingw_Release">
				<Option output="Transformations_mgcc.exe" />
				<Option object_output="mgcc\Release\" />
				<Option external_deps="$(VCF_LIB)\libFoundationKit_mgcc.a;$(VCF_LIB)\libGraphicsKit_mgcc.a;$(VCF_LIB)\libApplicationKit_mgcc.a;" />
				<Option type="0" />
				<Option compiler="gcc" />
				<Option includeInTargetAll="1" />
				<Option projectLinkerOptionsRelation="2" />
				<Option projectIncludeDirsRelation="2" />
				<Option projectResourceIncludeDirsRelation="2" />
				<Option projectLibDirsRelation="2" />
				<Compiler>
					<Add option="-O2" />
					<Add option="-W" />
					<Add option="-pipe" />
					<Add option="-frtti" />
					<Add option="-fexceptions" />
					<Add option="-mthreads" />
					<Add option="-Wno-multichar" />
					<Add option="-DNDEBUG" />
					<Add option="-DWIN32" />
					<Add option="-D_WIN32" />
					<Add option="-D_WINDOWS" />
					<Add option="-DVCF_MINGW" />
					<Add option="-DVCF_DISABLE_PRAGMA_LINKING" />
					<Add option="-DUSE_FOUNDATIONKIT_DLL" />
					<Add option="-DUSE_GRAPHICSKIT_DLL" />
					<Add option="-DUSE_APPLICATIONKIT_DLL" />
				</Compiler>
				<Linker>
					<Add option="-Wl,--enable-runtime-pseudo-reloc" />
					<Add library="ApplicationKit_mgcc" />
					<Add library="GraphicsKit_mgcc" />
					<Add library="FoundationKit_mgcc" />
					<Add library="kernel32" />
					<Add library="user32" />
					<Add library="gdi32" />
					<Add library="winspool" />
					<Add library="comdlg32" />
					<Add library="advapi32" />
					<Add library="shell32" />
					<Add library="ole32" />
					<Add library="oleaut32" />
					<Add library="uuid" />
					<Add library="odbc32" />
					<Add library="odbccp32" />
					<Add library="ws2_32" />
				</Linker>
			</Target>
			<Target title="mingw_Debug">
				<Option output="Transformations_mgcc_d.exe" />
				<Option object_output="mgcc\Debug\" />
				<Option external_deps="$(VCF_LIB)\libFoundationKit_mgcc_d.a;$(VCF_LIB)\libGraphicsKit_mgcc_d.a;$(VCF_LIB)\libApplicationKit_mgcc_d.a;" />
				<Option type="0" />
				<Option compiler="gcc" />
				<Option includeInTargetAll="1" />
				<Option projectLinkerOptionsRelation="2" />
				<Option projectIncludeDirsRelation="2" />
				<Option projectResourceIncludeDirsRelation="2" />
				<Option projectLibDirsRelation="2" />
				<Compiler>
					<Add option="-W" />
					<Add option="-g" />
					<Add option="-pipe" />
					<Add option="-frtti" />
					<Add option="-fexceptions" />
					<Add option="-mthreads" />
					<Add option="-Wno-multichar" />
					<Add option="-D_DEBUG" />
					<Add option="-DWIN32" />
					<Add option="-D_WIN32" />
					<Add option="-D_WINDOWS" />
					<Add option="-DVCF_MINGW" />
					<Add option="-DVCF_DISABLE_PRAGMA_LINKING" />
					<Add option="-DUSE_FOUNDATIONKIT_DLL" />
					<Add option="-DUSE_GRAPHICSKIT_DLL" />
					<Add option="-DUSE_APPLICATIONKIT_DLL" />
				</Compiler>
				<Linker>
					<Add option="-Wl,--enable-runtime-pseudo-reloc" />
					<Add library="ApplicationKit_mgcc_d" />
					<Add library="GraphicsKit_mgcc_d" />
					<Add library="FoundationKit_mgcc_d" />
					<Add library="kernel32" />
					<Add library="user32" />
					<Add library="gdi32" />
					<Add library="winspool" />
					<Add library="comdlg32" />
					<Add library="advapi32" />
					<Add library="shell32" />
					<Add library="ole32" />
					<Add library="oleaut32" />
					<Add library="uuid" />
					<Add library="odbc32" />
					<Add library="odbccp32" />
					<Add library="ws2_32" />
				</Linker>
			</Target>
		</Build>
		<Compiler>
			<Add directory='&quot;$(VCF_INCLUDE)&quot;' />
			<Add directory='&quot;$(VCF_INCLUDE)\thirdparty\common\agg\include&quot;' />
		</Compiler>
		<Linker>
			<Add directory='&quot;$(VCF_LIB)&quot;' />
		</Linker>
		<Unit filename="Transformations.cpp">
			<Option compilerVar="CPP" />
			<Option target="mingw_Release" />
			<Option target="mingw_Debug" />
		</Unit>
	</Project>
</CodeBlocks_project_file>