Microsoft Visual Studio Solution File, Format Version 9.00
# Visual Studio 2005
Project("{8BC9CEB8-8B4A-11D0-8D11-00A0C91BC942}") = "Accelerators", "Accelerators\Accelerators_vc80.vcproj", "{567265A9-B758-470D-A76B-75C63B8B73E3}"
EndProject
Project("{8BC9CEB8-8B4A-11D0-8D11-00A0C91BC942}") = "Actions", "Actions\Actions_vc80.vcproj", "{5D5096D8-C6F3-4F9D-9008-D31EE63E6D4E}"
EndProject
Project("{8BC9CEB8-8B4A-11D0-8D11-00A0C91BC942}") = "AdvancedAlignment", "AdvancedAlignment\AdvancedAlignment_vc80.vcproj", "{16CB6A92-8077-4D85-BDCA-D69B00C7FD6A}"
EndProject
Project("{8BC9CEB8-8B4A-11D0-8D11-00A0C91BC942}") = "AdvancedUI", "AdvancedUI\AdvancedUI_vc80.vcproj", "{D660D819-12AF-4278-BD18-42696A9AC3D7}"
EndProject
Project("{8BC9CEB8-8B4A-11D0-8D11-00A0C91BC942}") = "Alignment", "Alignment\Alignment_vc80.vcproj", "{68C5476A-A17F-481D-9B54-2BF4A52FD70C}"
EndProject
Project("{8BC9CEB8-8B4A-11D0-8D11-00A0C91BC942}") = "Anchors", "Anchors\Anchors_vc80.vcproj", "{351FE3B1-E231-4C16-8A08-0C0BBEE78CED}"
EndProject
Project("{8BC9CEB8-8B4A-11D0-8D11-00A0C91BC942}") = "AppResources", "AppResources\AppResources_vc80.vcproj", "{FC4FD864-9C8D-45FB-A8B0-ECF93FE35245}"
EndProject
Project("{8BC9CEB8-8B4A-11D0-8D11-00A0C91BC942}") = "ApplicationIcons", "ApplicationIcons\ApplicationIcons_vc80.vcproj", "{D83A2732-1F47-4285-8EB5-BA1080F25BD7}"
EndProject
Project("{8BC9CEB8-8B4A-11D0-8D11-00A0C91BC942}") = "ApplicationKit", "..\build\vc80\ApplicationKit\ApplicationKit_vc80.vcproj", "{05A85BAA-A813-4EF2-A8B8-9F47B79FEC9A}"
EndProject
Project("{8BC9CEB8-8B4A-11D0-8D11-00A0C91BC942}") = "ApplicationKitDLL", "..\build\vc80\ApplicationKit\ApplicationKitDLL_vc80.vcproj", "{874F1AC3-4F2A-4A20-BE1E-53D351CA08DA}"
	ProjectSection(ProjectDependencies) = postProject
		{999F89BD-EB89-4B52-A13A-807A3094919E} = {999F89BD-EB89-4B52-A13A-807A3094919E}
	EndProjectSection
EndProject
Project("{8BC9CEB8-8B4A-11D0-8D11-00A0C91BC942}") = "Browser", "Browser\Browser_vc80.vcproj", "{E51BC538-2B58-4596-B941-174061F52142}"
EndProject
Project("{8BC9CEB8-8B4A-11D0-8D11-00A0C91BC942}") = "Cards", "Cards\Cards_vc80.vcproj", "{0C5C7110-7ECC-441C-8D39-A661D01C14D5}"
EndProject
Project("{8BC9CEB8-8B4A-11D0-8D11-00A0C91BC942}") = "Colors", "Colors\Colors_vc80.vcproj", "{2116FE06-EDFD-4907-AF65-27E6FBF19025}"
EndProject
Project("{8BC9CEB8-8B4A-11D0-8D11-00A0C91BC942}") = "Combos", "Combos\Combos_vc80.vcproj", "{C8387590-EF38-401A-B7C8-47D41B24F4E6}"
EndProject
Project("{8BC9CEB8-8B4A-11D0-8D11-00A0C91BC942}") = "CommonDirectories", "CommonDirectories\CommonDirectories_vc80.vcproj", "{26C52C1D-10B8-4AAF-A614-600FCDC5D463}"
EndProject
Project("{8BC9CEB8-8B4A-11D0-8D11-00A0C91BC942}") = "Conditions", "Conditions\Conditions_vc80.vcproj", "{E2560BB1-FE95-44C9-9032-480EA62B308F}"
EndProject
Project("{8BC9CEB8-8B4A-11D0-8D11-00A0C91BC942}") = "Controls", "Controls\Controls_vc80.vcproj", "{F7FF7BBA-A8FB-43BD-8008-0AE977BFE600}"
EndProject
Project("{8BC9CEB8-8B4A-11D0-8D11-00A0C91BC942}") = "CopyAndPaste", "CopyAndPaste\CopyAndPaste_vc80.vcproj", "{A7C33D87-EC2A-4CCD-B101-11AEE342A854}"
EndProject
Project("{8BC9CEB8-8B4A-11D0-8D11-00A0C91BC942}") = "DateTimeUI", "DateTimeUI\DateTimeUI_vc80.vcproj", "{FFA9A20D-4C99-4ED2-85DB-18DA7273219C}"
EndProject
Project("{8BC9CEB8-8B4A-11D0-8D11-00A0C91BC942}") = "DatesAndTime", "DatesAndTime\DatesAndTime_vc80.vcproj", "{622E39C6-B89B-425F-AF0A-8CDD2B4AEC62}"
EndProject
Project("{8BC9CEB8-8B4A-11D0-8D11-00A0C91BC942}") = "Dialogs", "Dialogs\Dialogs_vc80.vcproj", "{8FE124C3-89C3-46B9-8EF2-C1CD04E341A4}"
EndProject
Project("{8BC9CEB8-8B4A-11D0-8D11-00A0C91BC942}") = "Dictionaries", "Dictionaries\Dictionaries_vc80.vcproj", "{8CFA327C-2AE9-4DFE-8768-041934D03433}"
EndProject
Project("{8BC9CEB8-8B4A-11D0-8D11-00A0C91BC942}") = "Directories", "Directories\Directories_vc80.vcproj", "{5427842D-0C55-4B79-942A-BD8D6E843081}"
EndProject
Project("{8BC9CEB8-8B4A-11D0-8D11-00A0C91BC942}") = "DragAndDrop", "DragAndDrop\DragAndDrop_vc80.vcproj", "{6FB2F8DB-E922-4F20-AD6A-3046A43EE9C7}"
EndProject
Project("{8BC9CEB8-8B4A-11D0-8D11-00A0C91BC942}") = "EventBasics", "EventBasics\EventBasics_vc80.vcproj", "{79FC3601-5877-4936-8EA2-16F585DDEB0E}"
EndProject
Project("{8BC9CEB8-8B4A-11D0-8D11-00A0C91BC942}") = "Examples", "Examples\Examples_vc80.vcproj", "{CB8FBA91-DF1E-454D-B3DE-145426B06BD5}"
EndProject
Project("{8BC9CEB8-8B4A-11D0-8D11-00A0C91BC942}") = "FilesAndDirectories", "FilesAndDirectories\FilesAndDirectories_vc80.vcproj", "{0767DAFD-ECB7-44B0-B3AF-36AEC79F79B8}"
EndProject
Project("{8BC9CEB8-8B4A-11D0-8D11-00A0C91BC942}") = "FoundationKit", "..\build\vc80\FoundationKit\FoundationKit_vc80.vcproj", "{B699126F-83EB-4859-AEB1-AB7D304D9259}"
EndProject
Project("{8BC9CEB8-8B4A-11D0-8D11-00A0C91BC942}") = "FoundationKitDLL", "..\build\vc80\FoundationKit\FoundationKitDLL_vc80.vcproj", "{BF4D068A-13C1-4AB3-B969-1391B1436E76}"
EndProject
Project("{8BC9CEB8-8B4A-11D0-8D11-00A0C91BC942}") = "FrameStyles", "FrameStyles\FrameStyles_vc80.vcproj", "{AB1F7517-D27C-4C00-9929-961B7475BE0B}"
EndProject
Project("{8BC9CEB8-8B4A-11D0-8D11-00A0C91BC942}") = "Gradients", "Gradients\Gradients_vc80.vcproj", "{EFB695E0-DE7C-4147-999B-375DF79E85D3}"
EndProject
Project("{8BC9CEB8-8B4A-11D0-8D11-00A0C91BC942}") = "GraphicsAndMouseMoves", "GraphicsAndMouseMoves\GraphicsAndMouseMoves_vc80.vcproj", "{FDE30492-9762-4E74-8438-8259F32114E4}"
EndProject
Project("{8BC9CEB8-8B4A-11D0-8D11-00A0C91BC942}") = "GraphicsBasics", "GraphicsBasics\GraphicsBasics_vc80.vcproj", "{5A11B5B0-708D-41DB-B435-860F6A48241D}"
EndProject
Project("{8BC9CEB8-8B4A-11D0-8D11-00A0C91BC942}") = "GraphicsKit", "..\build\vc80\GraphicsKit\GraphicsKit_vc80.vcproj", "{4D9AC1A3-CB31-4DC7-9841-DD4A6471E2FC}"
EndProject
Project("{8BC9CEB8-8B4A-11D0-8D11-00A0C91BC942}") = "GraphicsKitDLL", "..\build\vc80\GraphicsKit\GraphicsKitDLL_vc80.vcproj", "{999F89BD-EB89-4B52-A13A-807A3094919E}"
	ProjectSection(ProjectDependencies) = postProject
		{66C6E40A-2C91-4267-ADA0-776059544595} = {66C6E40A-2C91-4267-ADA0-776059544595}
		{F902002C-A511-4784-A0B7-3220E6092F85} = {F902002C-A511-4784-A0B7-3220E6092F85}
		{03EEE5C6-142A-4894-B7D6-13FD32EA52BE} = {03EEE5C6-142A-4894-B7D6-13FD32EA52BE}
		{BF4D068A-13C1-4AB3-B969-1391B1436E76} = {BF4D068A-13C1-4AB3-B969-1391B1436E76}
		{EA6C4D89-BC71-4879-8940-6B664B941090} = {EA6C4D89-BC71-4879-8940-6B664B941090}
	EndProjectSection
EndProject
Project("{8BC9CEB8-8B4A-11D0-8D11-00A0C91BC942}") = "HTMLKit", "..\build\vc80\HTMLKit\HTMLKit_vc80.vcproj", "{7E8FD9BE-1D5C-44F8-B4D4-C4130DA21876}"
EndProject
Project("{8BC9CEB8-8B4A-11D0-8D11-00A0C91BC942}") = "HTMLKitDll", "..\build\vc80\HTMLKit\HTMLKitDll_vc80.vcproj", "{AF6D7A91-F2FA-4ECA-8098-EC83293D5088}"
EndProject
Project("{8BC9CEB8-8B4A-11D0-8D11-00A0C91BC942}") = "HeavyAndLight", "HeavyAndLight\HeavyAndLight_vc80.vcproj", "{9CF797CE-AF05-4CCF-B9A3-ECC39BFC3E0E}"
EndProject
Project("{8BC9CEB8-8B4A-11D0-8D11-00A0C91BC942}") = "HelloWorld", "HelloWorld\HelloWorld_vc80.vcproj", "{F5CFE529-3B1C-4A21-A423-5526A0B188BA}"
EndProject
Project("{8BC9CEB8-8B4A-11D0-8D11-00A0C91BC942}") = "HelloWorld2", "HelloWorld2\HelloWorld2_vc80.vcproj", "{0224BFD1-6C79-4D55-992E-E0521C3E1A6E}"
EndProject
Project("{8BC9CEB8-8B4A-11D0-8D11-00A0C91BC942}") = "HelloWorld3", "HelloWorld3\HelloWorld3_vc80.vcproj", "{46D88208-FB0F-4E21-93F9-F7545AC17BBF}"
EndProject
Project("{8BC9CEB8-8B4A-11D0-8D11-00A0C91BC942}") = "Help", "Help\Help_vc80.vcproj", "{01B0ABD4-EF23-4BD0-9EE4-A5845AD2621A}"
EndProject
Project("{8BC9CEB8-8B4A-11D0-8D11-00A0C91BC942}") = "ImageBasics", "ImageBasics\ImageBasics_vc80.vcproj", "{EBDD7457-0C7F-410B-8F0F-58B03BED38B5}"
EndProject
Project("{8BC9CEB8-8B4A-11D0-8D11-00A0C91BC942}") = "ImageViewer", "ImageViewer\ImageViewer_vc80.vcproj", "{11FFB188-A832-4DE4-BC93-85DA81CD5625}"
EndProject
Project("{8BC9CEB8-8B4A-11D0-8D11-00A0C91BC942}") = "InetKit", "InetKit\InetKit_vc80.vcproj", "{AC1D4179-85F1-4095-9B06-6A062CDBAF08}"
EndProject
Project("{8BC9CEB8-8B4A-11D0-8D11-00A0C91BC942}") = "InternetKit", "..\build\vc80\InternetKit\InternetKit_vc80.vcproj", "{0D5DAF05-C077-4424-A816-8E1B1FB848DC}"
EndProject
Project("{8BC9CEB8-8B4A-11D0-8D11-00A0C91BC942}") = "InternetKitDLL", "..\build\vc80\InternetKit\InternetKitDLL_vc80.vcproj", "{F10C9E60-2AC8-492F-8232-59380B658734}"
EndProject
Project("{8BC9CEB8-8B4A-11D0-8D11-00A0C91BC942}") = "Labels", "Labels\Labels_vc80.vcproj", "{75014D6B-9215-4580-A36E-DA217A3077D3}"
EndProject
Project("{8BC9CEB8-8B4A-11D0-8D11-00A0C91BC942}") = "ListBox", "ListBox\ListBox_vc80.vcproj", "{91C65321-D9EC-4114-B4F7-DA45079574C6}"
EndProject
Project("{8BC9CEB8-8B4A-11D0-8D11-00A0C91BC942}") = "LocaleUI", "LocaleUI\LocaleUI_vc80.vcproj", "{62DA22CE-7553-4D95-9132-8004E9EDBD50}"
EndProject
Project("{8BC9CEB8-8B4A-11D0-8D11-00A0C91BC942}") = "Localization", "Localization\Localization_vc80.vcproj", "{7211DD67-F5ED-4566-A931-41AEC1FEBFE4}"
EndProject
Project("{8BC9CEB8-8B4A-11D0-8D11-00A0C91BC942}") = "MFCIntegration1", "MFCIntegration1\MFCIntegration1_vc80.vcproj", "{E0D6910A-836E-4D97-8115-0D97BFCB6CCC}"
EndProject
Project("{8BC9CEB8-8B4A-11D0-8D11-00A0C91BC942}") = "MFCIntegration2", "MFCIntegration2\MFCIntegration2_vc80.vcproj", "{061EFA55-3D67-4E51-A23C-3518ED544F82}"
EndProject
Project("{8BC9CEB8-8B4A-11D0-8D11-00A0C91BC942}") = "MinMax", "MinMax\MinMax_vc80.vcproj", "{922CAB6C-0063-431E-8909-A41370770D82}"
EndProject
Project("{8BC9CEB8-8B4A-11D0-8D11-00A0C91BC942}") = "NetworkKit", "..\build\vc80\NetworkKit\NetworkKit_vc80.vcproj", "{40C8AEAA-CB38-4C47-9382-D48B1C08BB04}"
EndProject
Project("{8BC9CEB8-8B4A-11D0-8D11-00A0C91BC942}") = "NetworkKitDLL", "..\build\vc80\NetworkKit\NetworkKitDLL_vc80.vcproj", "{6060E922-6079-4E38-955F-124EF0683035}"
EndProject
Project("{8BC9CEB8-8B4A-11D0-8D11-00A0C91BC942}") = "OpenGLKit", "..\build\vc80\OpenGLKit\OpenGLKit_vc80.vcproj", "{89ECAAC4-C0B9-4484-9CC1-9F4258FB2F69}"
EndProject
Project("{8BC9CEB8-8B4A-11D0-8D11-00A0C91BC942}") = "OpenGLKitDLL", "..\build\vc80\OpenGLKit\OpenGLKitDLL_vc80.vcproj", "{9B07D462-F2C8-4BBE-89D3-F052D1E4DE38}"
EndProject
Project("{8BC9CEB8-8B4A-11D0-8D11-00A0C91BC942}") = "OpenGLShapes", "OpenGLShapes\OpenGLShapes_vc80.vcproj", "{DD2BB74F-3D09-48E2-A875-14D7DBBB3160}"
EndProject
Project("{8BC9CEB8-8B4A-11D0-8D11-00A0C91BC942}") = "ParticleEditor", "ParticleEditor\ParticleEditor_vc80.vcproj", "{4E147950-76AA-48F1-9EC9-76A57E636D21}"
EndProject
Project("{8BC9CEB8-8B4A-11D0-8D11-00A0C91BC942}") = "Pixels", "Pixels\Pixels_vc80.vcproj", "{FACEDEB5-8D13-4684-9C73-C1951DF45ADA}"
EndProject
Project("{8BC9CEB8-8B4A-11D0-8D11-00A0C91BC942}") = "PopupMenus", "PopupMenus\PopupMenus_vc80.vcproj", "{63799FB2-0B0B-4128-B7C8-783C28F419B8}"
EndProject
Project("{8BC9CEB8-8B4A-11D0-8D11-00A0C91BC942}") = "Printing", "Printing\Printing_vc80.vcproj", "{B966DF91-62AD-46CF-8AE5-1AC04BD9D1AF}"
EndProject
Project("{8BC9CEB8-8B4A-11D0-8D11-00A0C91BC942}") = "Processes", "Processes\Processes_vc80.vcproj", "{5658AEFC-66D8-49C1-8EE5-F5B2003DAA5F}"
EndProject
Project("{8BC9CEB8-8B4A-11D0-8D11-00A0C91BC942}") = "ProgressBars", "ProgressBars\ProgressBars_vc80.vcproj", "{9F233E9A-4B25-417F-B5D1-EB4A031412BC}"
EndProject
Project("{8BC9CEB8-8B4A-11D0-8D11-00A0C91BC942}") = "QTPlayer", "QTPlayer\QTPlayer_vc80.vcproj", "{445DB6BD-3935-4E9E-878A-A08A22D65996}"
EndProject
Project("{8BC9CEB8-8B4A-11D0-8D11-00A0C91BC942}") = "Reflection", "Reflection\Reflection_vc80.vcproj", "{4F43CB9F-2A35-4072-AE2B-EC6C798C3AC4}"
EndProject
Project("{8BC9CEB8-8B4A-11D0-8D11-00A0C91BC942}") = "RegExTest", "RegExTest\RegExTest_vc80.vcproj", "{8EEAA55D-2D64-43EC-8D44-69C4A3A55C8E}"
EndProject
Project("{8BC9CEB8-8B4A-11D0-8D11-00A0C91BC942}") = "RemoteObjectKit", "..\build\vc80\RemoteObjectKit\RemoteObjectKit_vc80.vcproj", "{F0C8361E-2E7A-412C-910B-4B17F7C418F9}"
EndProject
Project("{8BC9CEB8-8B4A-11D0-8D11-00A0C91BC942}") = "RemoteObjectKitStatic", "..\build\vc80\RemoteObjectKit\RemoteObjectKitStatic_vc80.vcproj", "{5EC5D9BE-35A7-4A45-A947-06537FE3C214}"
EndProject
Project("{8BC9CEB8-8B4A-11D0-8D11-00A0C91BC942}") = "Resources", "Resources\Resources_vc80.vcproj", "{4FAAA2BA-D40F-4639-B110-476FCC76456C}"
EndProject
Project("{8BC9CEB8-8B4A-11D0-8D11-00A0C91BC942}") = "RunLoops", "RunLoops\RunLoops_vc80.vcproj", "{6E8D18F2-48B8-4411-A040-0689F88BE9A4}"
EndProject
Project("{8BC9CEB8-8B4A-11D0-8D11-00A0C91BC942}") = "Scrolling", "Scrolling\Scrolling_vc80.vcproj", "{6CB3BDCF-D076-462F-BFF0-1A1A68DE1D8C}"
EndProject
Project("{8BC9CEB8-8B4A-11D0-8D11-00A0C91BC942}") = "Scrolling2", "Scrolling2\Scrolling2_vc80.vcproj", "{90AD1390-022F-485F-B6DE-72D4D6C8A2E7}"
EndProject
Project("{8BC9CEB8-8B4A-11D0-8D11-00A0C91BC942}") = "SharedLibraries", "SharedLibraries\SharedLibraries_vc80.vcproj", "{59796ED0-2F77-46CB-907B-AEDD5B889FE0}"
EndProject
Project("{8BC9CEB8-8B4A-11D0-8D11-00A0C91BC942}") = "SketchIt", "SketchIt\SketchIt_vc80.vcproj", "{02E2A176-AB63-4BFD-8341-7695C0365AF8}"
EndProject
Project("{8BC9CEB8-8B4A-11D0-8D11-00A0C91BC942}") = "Sliders", "Sliders\Sliders_vc80.vcproj", "{6325D6E1-5210-4DD9-B8ED-C614F30AFEAA}"
EndProject
Project("{8BC9CEB8-8B4A-11D0-8D11-00A0C91BC942}") = "Splitters", "Splitters\Splitters_vc80.vcproj", "{639D11D9-8313-4B58-8B94-9FE09D2934FA}"
EndProject
Project("{8BC9CEB8-8B4A-11D0-8D11-00A0C91BC942}") = "Strings", "Strings\Strings_vc80.vcproj", "{43B0EE46-6788-45D1-84F0-44EE2607D66F}"
EndProject
Project("{8BC9CEB8-8B4A-11D0-8D11-00A0C91BC942}") = "StrokesAndFills", "StrokesAndFills\StrokesAndFills_vc80.vcproj", "{51B83D9A-ADB4-4A51-B1C0-CB5256CFD1A1}"
EndProject
Project("{8BC9CEB8-8B4A-11D0-8D11-00A0C91BC942}") = "SysTray", "SysTray\SysTray_vc80.vcproj", "{4116785C-D3B5-4C68-B789-7C7F7318B8A1}"
EndProject
Project("{8BC9CEB8-8B4A-11D0-8D11-00A0C91BC942}") = "Tables", "Tables\Tables_vc80.vcproj", "{CC5E000F-CC8E-4417-93C3-2EE711459085}"
EndProject
Project("{8BC9CEB8-8B4A-11D0-8D11-00A0C91BC942}") = "TeXLabel", "TeXLabel\TeXLabel_vc80.vcproj", "{9C930EDD-2F4B-47C2-8368-48E5413F566D}"
EndProject
Project("{8BC9CEB8-8B4A-11D0-8D11-00A0C91BC942}") = "TextEdit", "TextEdit\TextEdit_vc80.vcproj", "{42F7618C-EBE7-4B59-BC50-ADF0FB67DE9F}"
EndProject
Project("{8BC9CEB8-8B4A-11D0-8D11-00A0C91BC942}") = "TextLayout", "TextLayout\TextLayout_vc80.vcproj", "{0A46D36B-1A27-43B0-94AA-B488968DD190}"
EndProject
Project("{8BC9CEB8-8B4A-11D0-8D11-00A0C91BC942}") = "Themes", "Themes\Themes_vc80.vcproj", "{794273AD-CA29-4A00-86CB-004708050031}"
EndProject
Project("{8BC9CEB8-8B4A-11D0-8D11-00A0C91BC942}") = "ThreadBasics", "ThreadBasics\ThreadBasics_vc80.vcproj", "{AC1536F4-0CDB-48A8-9ABF-6533A6CC97D1}"
EndProject
Project("{8BC9CEB8-8B4A-11D0-8D11-00A0C91BC942}") = "ThreadMeth", "ThreadMethods\ThreadMethods_vc80.vcproj", "{1D2B07D9-7FEE-455C-A688-751B17DE57F3}"
EndProject
Project("{8BC9CEB8-8B4A-11D0-8D11-00A0C91BC942}") = "ThreadsInGUI", "ThreadsInGUI\ThreadsInGUI_vc80.vcproj", "{10B0DA0A-CDB5-422A-99B1-AC50A17FAC9D}"
EndProject
Project("{8BC9CEB8-8B4A-11D0-8D11-00A0C91BC942}") = "Toolbars", "Toolbars\Toolbars_vc80.vcproj", "{C0DB96E5-8526-485B-B531-A67204629372}"
EndProject
Project("{8BC9CEB8-8B4A-11D0-8D11-00A0C91BC942}") = "Tooltips", "Tooltips\Tooltips_vc80.vcproj", "{C0AB6AC4-B010-4FBA-9E81-99C6178AAAE0}"
EndProject
Project("{8BC9CEB8-8B4A-11D0-8D11-00A0C91BC942}") = "Transformations", "Transformations\Transformations_vc80.vcproj", "{FB15958E-5C5F-49B9-9D0B-4100F1BB48D2}"
EndProject
Project("{8BC9CEB8-8B4A-11D0-8D11-00A0C91BC942}") = "TreeListControls", "TreeListControls\TreeListControls_vc80.vcproj", "{73CBAFF2-E433-41CC-BF3F-28C888BAA581}"
EndProject
Project("{8BC9CEB8-8B4A-11D0-8D11-00A0C91BC942}") = "Variants", "Variants\Variants_vc80.vcproj", "{B04A8BB1-3FDC-4B4E-9183-E7F2BCD8A414}"
EndProject
Project("{8BC9CEB8-8B4A-11D0-8D11-00A0C91BC942}") = "VisualFormFiles", "VisualFormFiles\VisualFormFiles_vc80.vcproj", "{FD5017D5-8F3F-4F39-BC20-B0AFFB8E191F}"
EndProject
Project("{8BC9CEB8-8B4A-11D0-8D11-00A0C91BC942}") = "Win32Integration", "Win32Integration\Win32Integration_vc80.vcproj", "{B5014979-FD1F-463F-8AD5-A1EA1793DECE}"
EndProject
Project("{8BC9CEB8-8B4A-11D0-8D11-00A0C91BC942}") = "WorkingWithEnumerators", "WorkingWithEnumerators\WorkingWithEnumerators_vc80.vcproj", "{1BF41948-333F-4D92-A828-BD8EF147A239}"
EndProject
Project("{8BC9CEB8-8B4A-11D0-8D11-00A0C91BC942}") = "jstest", "JavaScriptTest\jstest_vc80.vcproj", "{4081F675-F86A-446B-8D6B-A5C61BE3DEC6}"
EndProject
Project("{8BC9CEB8-8B4A-11D0-8D11-00A0C91BC942}") = "libAGG", "..\build\vc80\GraphicsKit\libAGG_vc80.vcproj", "{EA6C4D89-BC71-4879-8940-6B664B941090}"
EndProject
Project("{8BC9CEB8-8B4A-11D0-8D11-00A0C91BC942}") = "XMLKitDLL", "..\build\vc80\XMLKit\XMLKitDLL_vc80.vcproj", "{2BADC608-7B7F-4195-A8FF-CE602C8D85B8}"
EndProject
Project("{8BC9CEB8-8B4A-11D0-8D11-00A0C91BC942}") = "XmlTest", "XmlTest\XmlTest_vc80.vcproj", "{29896946-E59F-4BDA-AD0D-9B49DF2968C5}"
EndProject
Project("{8BC9CEB8-8B4A-11D0-8D11-00A0C91BC942}") = "RCChineseDict", "RCChineseDict\RCChineseDict_vc80.vcproj", "{477DF3C4-0A21-4C66-974D-40700F821E29}"
	ProjectSection(ProjectDependencies) = postProject
		{B699126F-83EB-4859-AEB1-AB7D304D9259} = {B699126F-83EB-4859-AEB1-AB7D304D9259}
	EndProjectSection
EndProject
Project("{8BC9CEB8-8B4A-11D0-8D11-00A0C91BC942}") = "LibJPEG", "..\src\thirdparty\common\LibJPEG\LibJPEG_vc80.vcproj", "{03EEE5C6-142A-4894-B7D6-13FD32EA52BE}"
EndProject
Project("{8BC9CEB8-8B4A-11D0-8D11-00A0C91BC942}") = "LibPNG", "..\src\thirdparty\common\LibPNG\LibPNG_vc80.vcproj", "{66C6E40A-2C91-4267-ADA0-776059544595}"
EndProject
Project("{8BC9CEB8-8B4A-11D0-8D11-00A0C91BC942}") = "ZLib", "..\src\thirdparty\common\ZLib\ZLib_vc80.vcproj", "{F902002C-A511-4784-A0B7-3220E6092F85}"
EndProject
Project("{8BC9CEB8-8B4A-11D0-8D11-00A0C91BC942}") = "DocViewAdvanced", "MVC\DocViewAdvanced\DocViewAdvanced_vc80.vcproj", "{48C1B410-D9D2-4744-B67B-71BA98D04CE6}"
EndProject
Project("{8BC9CEB8-8B4A-11D0-8D11-00A0C91BC942}") = "DocViewBasics", "MVC\DocViewBasics\DocViewBasics_vc80.vcproj", "{BB6EB9AF-FC0C-4500-A5FF-4A85B0F72DBC}"
EndProject
Project("{8BC9CEB8-8B4A-11D0-8D11-00A0C91BC942}") = "MVCBasics", "MVC\MVCBasics\MVCBasics_vc80.vcproj", "{22EADFB7-C0DA-4BCE-9684-FF07ADBE7169}"
EndProject
Global
	GlobalSection(SolutionConfigurationPlatforms) = preSolution
		Debug|Win32 = Debug|Win32
		Generate YY and LL files|Win32 = Generate YY and LL files|Win32
		Release|Win32 = Release|Win32
	EndGlobalSection
	GlobalSection(ProjectConfigurationPlatforms) = postSolution
		{567265A9-B758-470D-A76B-75C63B8B73E3}.Debug|Win32.ActiveCfg = Debug|Win32
		{567265A9-B758-470D-A76B-75C63B8B73E3}.Generate YY and LL files|Win32.ActiveCfg = Release|Win32
		{567265A9-B758-470D-A76B-75C63B8B73E3}.Release|Win32.ActiveCfg = Release|Win32
		{5D5096D8-C6F3-4F9D-9008-D31EE63E6D4E}.Debug|Win32.ActiveCfg = Debug|Win32
		{5D5096D8-C6F3-4F9D-9008-D31EE63E6D4E}.Generate YY and LL files|Win32.ActiveCfg = Release|Win32
		{5D5096D8-C6F3-4F9D-9008-D31EE63E6D4E}.Release|Win32.ActiveCfg = Release|Win32
		{16CB6A92-8077-4D85-BDCA-D69B00C7FD6A}.Debug|Win32.ActiveCfg = Debug|Win32
		{16CB6A92-8077-4D85-BDCA-D69B00C7FD6A}.Generate YY and LL files|Win32.ActiveCfg = Release|Win32
		{16CB6A92-8077-4D85-BDCA-D69B00C7FD6A}.Release|Win32.ActiveCfg = Release|Win32
		{D660D819-12AF-4278-BD18-42696A9AC3D7}.Debug|Win32.ActiveCfg = Debug|Win32
		{D660D819-12AF-4278-BD18-42696A9AC3D7}.Generate YY and LL files|Win32.ActiveCfg = Debug|Win32
		{D660D819-12AF-4278-BD18-42696A9AC3D7}.Release|Win32.ActiveCfg = Release|Win32
		{68C5476A-A17F-481D-9B54-2BF4A52FD70C}.Debug|Win32.ActiveCfg = Debug|Win32
		{68C5476A-A17F-481D-9B54-2BF4A52FD70C}.Generate YY and LL files|Win32.ActiveCfg = Debug|Win32
		{68C5476A-A17F-481D-9B54-2BF4A52FD70C}.Release|Win32.ActiveCfg = Release|Win32
		{351FE3B1-E231-4C16-8A08-0C0BBEE78CED}.Debug|Win32.ActiveCfg = Debug|Win32
		{351FE3B1-E231-4C16-8A08-0C0BBEE78CED}.Generate YY and LL files|Win32.ActiveCfg = Debug|Win32
		{351FE3B1-E231-4C16-8A08-0C0BBEE78CED}.Release|Win32.ActiveCfg = Release|Win32
		{FC4FD864-9C8D-45FB-A8B0-ECF93FE35245}.Debug|Win32.ActiveCfg = Debug|Win32
		{FC4FD864-9C8D-45FB-A8B0-ECF93FE35245}.Generate YY and LL files|Win32.ActiveCfg = Debug|Win32
		{FC4FD864-9C8D-45FB-A8B0-ECF93FE35245}.Release|Win32.ActiveCfg = Release|Win32
		{D83A2732-1F47-4285-8EB5-BA1080F25BD7}.Debug|Win32.ActiveCfg = Debug|Win32
		{D83A2732-1F47-4285-8EB5-BA1080F25BD7}.Generate YY and LL files|Win32.ActiveCfg = Debug|Win32
		{D83A2732-1F47-4285-8EB5-BA1080F25BD7}.Release|Win32.ActiveCfg = Release|Win32
		{05A85BAA-A813-4EF2-A8B8-9F47B79FEC9A}.Debug|Win32.ActiveCfg = Debug|Win32
		{05A85BAA-A813-4EF2-A8B8-9F47B79FEC9A}.Generate YY and LL files|Win32.ActiveCfg = Debug|Win32
		{05A85BAA-A813-4EF2-A8B8-9F47B79FEC9A}.Release|Win32.ActiveCfg = Release|Win32
		{874F1AC3-4F2A-4A20-BE1E-53D351CA08DA}.Debug|Win32.ActiveCfg = Debug|Win32
		{874F1AC3-4F2A-4A20-BE1E-53D351CA08DA}.Generate YY and LL files|Win32.ActiveCfg = Release|Win32
		{874F1AC3-4F2A-4A20-BE1E-53D351CA08DA}.Release|Win32.ActiveCfg = Release|Win32
		{E51BC538-2B58-4596-B941-174061F52142}.Debug|Win32.ActiveCfg = Debug|Win32
		{E51BC538-2B58-4596-B941-174061F52142}.Generate YY and LL files|Win32.ActiveCfg = Debug|Win32
		{E51BC538-2B58-4596-B941-174061F52142}.Release|Win32.ActiveCfg = Release|Win32
		{0C5C7110-7ECC-441C-8D39-A661D01C14D5}.Debug|Win32.ActiveCfg = Debug|Win32
		{0C5C7110-7ECC-441C-8D39-A661D01C14D5}.Generate YY and LL files|Win32.ActiveCfg = Release|Win32
		{0C5C7110-7ECC-441C-8D39-A661D01C14D5}.Release|Win32.ActiveCfg = Release|Win32
		{2116FE06-EDFD-4907-AF65-27E6FBF19025}.Debug|Win32.ActiveCfg = Debug|Win32
		{2116FE06-EDFD-4907-AF65-27E6FBF19025}.Generate YY and LL files|Win32.ActiveCfg = Release|Win32
		{2116FE06-EDFD-4907-AF65-27E6FBF19025}.Release|Win32.ActiveCfg = Release|Win32
		{C8387590-EF38-401A-B7C8-47D41B24F4E6}.Debug|Win32.ActiveCfg = Debug|Win32
		{C8387590-EF38-401A-B7C8-47D41B24F4E6}.Generate YY and LL files|Win32.ActiveCfg = Release|Win32
		{C8387590-EF38-401A-B7C8-47D41B24F4E6}.Release|Win32.ActiveCfg = Release|Win32
		{26C52C1D-10B8-4AAF-A614-600FCDC5D463}.Debug|Win32.ActiveCfg = Debug|Win32
		{26C52C1D-10B8-4AAF-A614-600FCDC5D463}.Generate YY and LL files|Win32.ActiveCfg = Debug|Win32
		{26C52C1D-10B8-4AAF-A614-600FCDC5D463}.Release|Win32.ActiveCfg = Release|Win32
		{E2560BB1-FE95-44C9-9032-480EA62B308F}.Debug|Win32.ActiveCfg = Debug|Win32
		{E2560BB1-FE95-44C9-9032-480EA62B308F}.Generate YY and LL files|Win32.ActiveCfg = Release|Win32
		{E2560BB1-FE95-44C9-9032-480EA62B308F}.Release|Win32.ActiveCfg = Release|Win32
		{F7FF7BBA-A8FB-43BD-8008-0AE977BFE600}.Debug|Win32.ActiveCfg = Debug|Win32
		{F7FF7BBA-A8FB-43BD-8008-0AE977BFE600}.Generate YY and LL files|Win32.ActiveCfg = Debug|Win32
		{F7FF7BBA-A8FB-43BD-8008-0AE977BFE600}.Release|Win32.ActiveCfg = Release|Win32
		{A7C33D87-EC2A-4CCD-B101-11AEE342A854}.Debug|Win32.ActiveCfg = Debug|Win32
		{A7C33D87-EC2A-4CCD-B101-11AEE342A854}.Generate YY and LL files|Win32.ActiveCfg = Debug|Win32
		{A7C33D87-EC2A-4CCD-B101-11AEE342A854}.Release|Win32.ActiveCfg = Release|Win32
		{FFA9A20D-4C99-4ED2-85DB-18DA7273219C}.Debug|Win32.ActiveCfg = Debug|Win32
		{FFA9A20D-4C99-4ED2-85DB-18DA7273219C}.Generate YY and LL files|Win32.ActiveCfg = Debug|Win32
		{FFA9A20D-4C99-4ED2-85DB-18DA7273219C}.Release|Win32.ActiveCfg = Release|Win32
		{622E39C6-B89B-425F-AF0A-8CDD2B4AEC62}.Debug|Win32.ActiveCfg = Debug|Win32
		{622E39C6-B89B-425F-AF0A-8CDD2B4AEC62}.Generate YY and LL files|Win32.ActiveCfg = Debug|Win32
		{622E39C6-B89B-425F-AF0A-8CDD2B4AEC62}.Release|Win32.ActiveCfg = Release|Win32
		{8FE124C3-89C3-46B9-8EF2-C1CD04E341A4}.Debug|Win32.ActiveCfg = Debug|Win32
		{8FE124C3-89C3-46B9-8EF2-C1CD04E341A4}.Generate YY and LL files|Win32.ActiveCfg = Release|Win32
		{8FE124C3-89C3-46B9-8EF2-C1CD04E341A4}.Release|Win32.ActiveCfg = Release|Win32
		{8CFA327C-2AE9-4DFE-8768-041934D03433}.Debug|Win32.ActiveCfg = Debug|Win32
		{8CFA327C-2AE9-4DFE-8768-041934D03433}.Generate YY and LL files|Win32.ActiveCfg = Release|Win32
		{8CFA327C-2AE9-4DFE-8768-041934D03433}.Release|Win32.ActiveCfg = Release|Win32
		{5427842D-0C55-4B79-942A-BD8D6E843081}.Debug|Win32.ActiveCfg = Debug|Win32
		{5427842D-0C55-4B79-942A-BD8D6E843081}.Generate YY and LL files|Win32.ActiveCfg = Release|Win32
		{5427842D-0C55-4B79-942A-BD8D6E843081}.Release|Win32.ActiveCfg = Release|Win32
		{6FB2F8DB-E922-4F20-AD6A-3046A43EE9C7}.Debug|Win32.ActiveCfg = Debug|Win32
		{6FB2F8DB-E922-4F20-AD6A-3046A43EE9C7}.Generate YY and LL files|Win32.ActiveCfg = Release|Win32
		{6FB2F8DB-E922-4F20-AD6A-3046A43EE9C7}.Release|Win32.ActiveCfg = Release|Win32
		{79FC3601-5877-4936-8EA2-16F585DDEB0E}.Debug|Win32.ActiveCfg = Debug|Win32
		{79FC3601-5877-4936-8EA2-16F585DDEB0E}.Generate YY and LL files|Win32.ActiveCfg = Release|Win32
		{79FC3601-5877-4936-8EA2-16F585DDEB0E}.Release|Win32.ActiveCfg = Release|Win32
		{CB8FBA91-DF1E-454D-B3DE-145426B06BD5}.Debug|Win32.ActiveCfg = Debug|Win32
		{CB8FBA91-DF1E-454D-B3DE-145426B06BD5}.Generate YY and LL files|Win32.ActiveCfg = Release|Win32
		{CB8FBA91-DF1E-454D-B3DE-145426B06BD5}.Release|Win32.ActiveCfg = Release|Win32
		{0767DAFD-ECB7-44B0-B3AF-36AEC79F79B8}.Debug|Win32.ActiveCfg = Debug|Win32
		{0767DAFD-ECB7-44B0-B3AF-36AEC79F79B8}.Generate YY and LL files|Win32.ActiveCfg = Debug|Win32
		{0767DAFD-ECB7-44B0-B3AF-36AEC79F79B8}.Release|Win32.ActiveCfg = Release|Win32
		{B699126F-83EB-4859-AEB1-AB7D304D9259}.Debug|Win32.ActiveCfg = Debug|Win32
		{B699126F-83EB-4859-AEB1-AB7D304D9259}.Debug|Win32.Build.0 = Debug|Win32
		{B699126F-83EB-4859-AEB1-AB7D304D9259}.Generate YY and LL files|Win32.ActiveCfg = Release|Win32
		{B699126F-83EB-4859-AEB1-AB7D304D9259}.Release|Win32.ActiveCfg = Release|Win32
		{B699126F-83EB-4859-AEB1-AB7D304D9259}.Release|Win32.Build.0 = Release|Win32
		{BF4D068A-13C1-4AB3-B969-1391B1436E76}.Debug|Win32.ActiveCfg = Debug|Win32
		{BF4D068A-13C1-4AB3-B969-1391B1436E76}.Debug|Win32.Build.0 = Debug|Win32
		{BF4D068A-13C1-4AB3-B969-1391B1436E76}.Generate YY and LL files|Win32.ActiveCfg = Release|Win32
		{BF4D068A-13C1-4AB3-B969-1391B1436E76}.Release|Win32.ActiveCfg = Release|Win32
		{AB1F7517-D27C-4C00-9929-961B7475BE0B}.Debug|Win32.ActiveCfg = Debug|Win32
		{AB1F7517-D27C-4C00-9929-961B7475BE0B}.Generate YY and LL files|Win32.ActiveCfg = Debug|Win32
		{AB1F7517-D27C-4C00-9929-961B7475BE0B}.Release|Win32.ActiveCfg = Release|Win32
		{EFB695E0-DE7C-4147-999B-375DF79E85D3}.Debug|Win32.ActiveCfg = Debug|Win32
		{EFB695E0-DE7C-4147-999B-375DF79E85D3}.Generate YY and LL files|Win32.ActiveCfg = Debug|Win32
		{EFB695E0-DE7C-4147-999B-375DF79E85D3}.Release|Win32.ActiveCfg = Release|Win32
		{FDE30492-9762-4E74-8438-8259F32114E4}.Debug|Win32.ActiveCfg = Debug|Win32
		{FDE30492-9762-4E74-8438-8259F32114E4}.Generate YY and LL files|Win32.ActiveCfg = Debug|Win32
		{FDE30492-9762-4E74-8438-8259F32114E4}.Release|Win32.ActiveCfg = Release|Win32
		{5A11B5B0-708D-41DB-B435-860F6A48241D}.Debug|Win32.ActiveCfg = Debug|Win32
		{5A11B5B0-708D-41DB-B435-860F6A48241D}.Generate YY and LL files|Win32.ActiveCfg = Release|Win32
		{5A11B5B0-708D-41DB-B435-860F6A48241D}.Release|Win32.ActiveCfg = Release|Win32
		{4D9AC1A3-CB31-4DC7-9841-DD4A6471E2FC}.Debug|Win32.ActiveCfg = Debug|Win32
		{4D9AC1A3-CB31-4DC7-9841-DD4A6471E2FC}.Generate YY and LL files|Win32.ActiveCfg = Debug|Win32
		{4D9AC1A3-CB31-4DC7-9841-DD4A6471E2FC}.Release|Win32.ActiveCfg = Release|Win32
		{999F89BD-EB89-4B52-A13A-807A3094919E}.Debug|Win32.ActiveCfg = Debug|Win32
		{999F89BD-EB89-4B52-A13A-807A3094919E}.Debug|Win32.Build.0 = Debug|Win32
		{999F89BD-EB89-4B52-A13A-807A3094919E}.Generate YY and LL files|Win32.ActiveCfg = Release|Win32
		{999F89BD-EB89-4B52-A13A-807A3094919E}.Release|Win32.ActiveCfg = Release|Win32
		{7E8FD9BE-1D5C-44F8-B4D4-C4130DA21876}.Debug|Win32.ActiveCfg = Debug|Win32
		{7E8FD9BE-1D5C-44F8-B4D4-C4130DA21876}.Generate YY and LL files|Win32.ActiveCfg = Release|Win32
		{7E8FD9BE-1D5C-44F8-B4D4-C4130DA21876}.Release|Win32.ActiveCfg = Release|Win32
		{AF6D7A91-F2FA-4ECA-8098-EC83293D5088}.Debug|Win32.ActiveCfg = Debug|Win32
		{AF6D7A91-F2FA-4ECA-8098-EC83293D5088}.Generate YY and LL files|Win32.ActiveCfg = Release|Win32
		{AF6D7A91-F2FA-4ECA-8098-EC83293D5088}.Release|Win32.ActiveCfg = Release|Win32
		{9CF797CE-AF05-4CCF-B9A3-ECC39BFC3E0E}.Debug|Win32.ActiveCfg = Debug|Win32
		{9CF797CE-AF05-4CCF-B9A3-ECC39BFC3E0E}.Generate YY and LL files|Win32.ActiveCfg = Release|Win32
		{9CF797CE-AF05-4CCF-B9A3-ECC39BFC3E0E}.Release|Win32.ActiveCfg = Release|Win32
		{F5CFE529-3B1C-4A21-A423-5526A0B188BA}.Debug|Win32.ActiveCfg = Debug|Win32
		{F5CFE529-3B1C-4A21-A423-5526A0B188BA}.Generate YY and LL files|Win32.ActiveCfg = Release|Win32
		{F5CFE529-3B1C-4A21-A423-5526A0B188BA}.Release|Win32.ActiveCfg = Release|Win32
		{0224BFD1-6C79-4D55-992E-E0521C3E1A6E}.Debug|Win32.ActiveCfg = Debug|Win32
		{0224BFD1-6C79-4D55-992E-E0521C3E1A6E}.Generate YY and LL files|Win32.ActiveCfg = Debug|Win32
		{0224BFD1-6C79-4D55-992E-E0521C3E1A6E}.Release|Win32.ActiveCfg = Release|Win32
		{46D88208-FB0F-4E21-93F9-F7545AC17BBF}.Debug|Win32.ActiveCfg = Debug|Win32
		{46D88208-FB0F-4E21-93F9-F7545AC17BBF}.Generate YY and LL files|Win32.ActiveCfg = Release|Win32
		{46D88208-FB0F-4E21-93F9-F7545AC17BBF}.Release|Win32.ActiveCfg = Release|Win32
		{01B0ABD4-EF23-4BD0-9EE4-A5845AD2621A}.Debug|Win32.ActiveCfg = Debug|Win32
		{01B0ABD4-EF23-4BD0-9EE4-A5845AD2621A}.Generate YY and LL files|Win32.ActiveCfg = Debug|Win32
		{01B0ABD4-EF23-4BD0-9EE4-A5845AD2621A}.Release|Win32.ActiveCfg = Release|Win32
		{EBDD7457-0C7F-410B-8F0F-58B03BED38B5}.Debug|Win32.ActiveCfg = Debug|Win32
		{EBDD7457-0C7F-410B-8F0F-58B03BED38B5}.Generate YY and LL files|Win32.ActiveCfg = Release|Win32
		{EBDD7457-0C7F-410B-8F0F-58B03BED38B5}.Release|Win32.ActiveCfg = Release|Win32
		{11FFB188-A832-4DE4-BC93-85DA81CD5625}.Debug|Win32.ActiveCfg = Debug|Win32
		{11FFB188-A832-4DE4-BC93-85DA81CD5625}.Generate YY and LL files|Win32.ActiveCfg = Release|Win32
		{11FFB188-A832-4DE4-BC93-85DA81CD5625}.Release|Win32.ActiveCfg = Release|Win32
		{AC1D4179-85F1-4095-9B06-6A062CDBAF08}.Debug|Win32.ActiveCfg = Debug|Win32
		{AC1D4179-85F1-4095-9B06-6A062CDBAF08}.Generate YY and LL files|Win32.ActiveCfg = Debug|Win32
		{AC1D4179-85F1-4095-9B06-6A062CDBAF08}.Release|Win32.ActiveCfg = Release|Win32
		{0D5DAF05-C077-4424-A816-8E1B1FB848DC}.Debug|Win32.ActiveCfg = Debug|Win32
		{0D5DAF05-C077-4424-A816-8E1B1FB848DC}.Generate YY and LL files|Win32.ActiveCfg = Release|Win32
		{0D5DAF05-C077-4424-A816-8E1B1FB848DC}.Release|Win32.ActiveCfg = Release|Win32
		{F10C9E60-2AC8-492F-8232-59380B658734}.Debug|Win32.ActiveCfg = Debug|Win32
		{F10C9E60-2AC8-492F-8232-59380B658734}.Generate YY and LL files|Win32.ActiveCfg = Release|Win32
		{F10C9E60-2AC8-492F-8232-59380B658734}.Release|Win32.ActiveCfg = Release|Win32
		{75014D6B-9215-4580-A36E-DA217A3077D3}.Debug|Win32.ActiveCfg = Debug|Win32
		{75014D6B-9215-4580-A36E-DA217A3077D3}.Generate YY and LL files|Win32.ActiveCfg = Release|Win32
		{75014D6B-9215-4580-A36E-DA217A3077D3}.Release|Win32.ActiveCfg = Release|Win32
		{91C65321-D9EC-4114-B4F7-DA45079574C6}.Debug|Win32.ActiveCfg = Debug|Win32
		{91C65321-D9EC-4114-B4F7-DA45079574C6}.Generate YY and LL files|Win32.ActiveCfg = Release|Win32
		{91C65321-D9EC-4114-B4F7-DA45079574C6}.Release|Win32.ActiveCfg = Release|Win32
		{62DA22CE-7553-4D95-9132-8004E9EDBD50}.Debug|Win32.ActiveCfg = Debug|Win32
		{62DA22CE-7553-4D95-9132-8004E9EDBD50}.Generate YY and LL files|Win32.ActiveCfg = Release|Win32
		{62DA22CE-7553-4D95-9132-8004E9EDBD50}.Release|Win32.ActiveCfg = Release|Win32
		{7211DD67-F5ED-4566-A931-41AEC1FEBFE4}.Debug|Win32.ActiveCfg = Debug|Win32
		{7211DD67-F5ED-4566-A931-41AEC1FEBFE4}.Generate YY and LL files|Win32.ActiveCfg = Release|Win32
		{7211DD67-F5ED-4566-A931-41AEC1FEBFE4}.Release|Win32.ActiveCfg = Release|Win32
		{E0D6910A-836E-4D97-8115-0D97BFCB6CCC}.Debug|Win32.ActiveCfg = Debug|Win32
		{E0D6910A-836E-4D97-8115-0D97BFCB6CCC}.Generate YY and LL files|Win32.ActiveCfg = Debug|Win32
		{E0D6910A-836E-4D97-8115-0D97BFCB6CCC}.Release|Win32.ActiveCfg = Release|Win32
		{061EFA55-3D67-4E51-A23C-3518ED544F82}.Debug|Win32.ActiveCfg = Debug|Win32
		{061EFA55-3D67-4E51-A23C-3518ED544F82}.Generate YY and LL files|Win32.ActiveCfg = Release|Win32
		{061EFA55-3D67-4E51-A23C-3518ED544F82}.Release|Win32.ActiveCfg = Release|Win32
		{922CAB6C-0063-431E-8909-A41370770D82}.Debug|Win32.ActiveCfg = Debug|Win32
		{922CAB6C-0063-431E-8909-A41370770D82}.Generate YY and LL files|Win32.ActiveCfg = Debug|Win32
		{922CAB6C-0063-431E-8909-A41370770D82}.Release|Win32.ActiveCfg = Release|Win32
		{40C8AEAA-CB38-4C47-9382-D48B1C08BB04}.Debug|Win32.ActiveCfg = Debug|Win32
		{40C8AEAA-CB38-4C47-9382-D48B1C08BB04}.Generate YY and LL files|Win32.ActiveCfg = Release|Win32
		{40C8AEAA-CB38-4C47-9382-D48B1C08BB04}.Release|Win32.ActiveCfg = Release|Win32
		{6060E922-6079-4E38-955F-124EF0683035}.Debug|Win32.ActiveCfg = Debug|Win32
		{6060E922-6079-4E38-955F-124EF0683035}.Generate YY and LL files|Win32.ActiveCfg = Debug|Win32
		{6060E922-6079-4E38-955F-124EF0683035}.Release|Win32.ActiveCfg = Release|Win32
		{89ECAAC4-C0B9-4484-9CC1-9F4258FB2F69}.Debug|Win32.ActiveCfg = Debug|Win32
		{89ECAAC4-C0B9-4484-9CC1-9F4258FB2F69}.Generate YY and LL files|Win32.ActiveCfg = Debug|Win32
		{89ECAAC4-C0B9-4484-9CC1-9F4258FB2F69}.Release|Win32.ActiveCfg = Release|Win32
		{9B07D462-F2C8-4BBE-89D3-F052D1E4DE38}.Debug|Win32.ActiveCfg = Debug|Win32
		{9B07D462-F2C8-4BBE-89D3-F052D1E4DE38}.Generate YY and LL files|Win32.ActiveCfg = Debug|Win32
		{9B07D462-F2C8-4BBE-89D3-F052D1E4DE38}.Release|Win32.ActiveCfg = Release|Win32
		{DD2BB74F-3D09-48E2-A875-14D7DBBB3160}.Debug|Win32.ActiveCfg = Debug|Win32
		{DD2BB74F-3D09-48E2-A875-14D7DBBB3160}.Generate YY and LL files|Win32.ActiveCfg = Release|Win32
		{DD2BB74F-3D09-48E2-A875-14D7DBBB3160}.Release|Win32.ActiveCfg = Release|Win32
		{4E147950-76AA-48F1-9EC9-76A57E636D21}.Debug|Win32.ActiveCfg = Debug|Win32
		{4E147950-76AA-48F1-9EC9-76A57E636D21}.Generate YY and LL files|Win32.ActiveCfg = Debug|Win32
		{4E147950-76AA-48F1-9EC9-76A57E636D21}.Release|Win32.ActiveCfg = Release|Win32
		{FACEDEB5-8D13-4684-9C73-C1951DF45ADA}.Debug|Win32.ActiveCfg = Debug|Win32
		{FACEDEB5-8D13-4684-9C73-C1951DF45ADA}.Generate YY and LL files|Win32.ActiveCfg = Release|Win32
		{FACEDEB5-8D13-4684-9C73-C1951DF45ADA}.Release|Win32.ActiveCfg = Release|Win32
		{63799FB2-0B0B-4128-B7C8-783C28F419B8}.Debug|Win32.ActiveCfg = Debug|Win32
		{63799FB2-0B0B-4128-B7C8-783C28F419B8}.Generate YY and LL files|Win32.ActiveCfg = Release|Win32
		{63799FB2-0B0B-4128-B7C8-783C28F419B8}.Release|Win32.ActiveCfg = Release|Win32
		{B966DF91-62AD-46CF-8AE5-1AC04BD9D1AF}.Debug|Win32.ActiveCfg = Debug|Win32
		{B966DF91-62AD-46CF-8AE5-1AC04BD9D1AF}.Generate YY and LL files|Win32.ActiveCfg = Debug|Win32
		{B966DF91-62AD-46CF-8AE5-1AC04BD9D1AF}.Release|Win32.ActiveCfg = Release|Win32
		{5658AEFC-66D8-49C1-8EE5-F5B2003DAA5F}.Debug|Win32.ActiveCfg = Debug|Win32
		{5658AEFC-66D8-49C1-8EE5-F5B2003DAA5F}.Generate YY and LL files|Win32.ActiveCfg = Debug|Win32
		{5658AEFC-66D8-49C1-8EE5-F5B2003DAA5F}.Release|Win32.ActiveCfg = Release|Win32
		{9F233E9A-4B25-417F-B5D1-EB4A031412BC}.Debug|Win32.ActiveCfg = Debug|Win32
		{9F233E9A-4B25-417F-B5D1-EB4A031412BC}.Generate YY and LL files|Win32.ActiveCfg = Debug|Win32
		{9F233E9A-4B25-417F-B5D1-EB4A031412BC}.Release|Win32.ActiveCfg = Release|Win32
		{445DB6BD-3935-4E9E-878A-A08A22D65996}.Debug|Win32.ActiveCfg = Debug|Win32
		{445DB6BD-3935-4E9E-878A-A08A22D65996}.Generate YY and LL files|Win32.ActiveCfg = Release|Win32
		{445DB6BD-3935-4E9E-878A-A08A22D65996}.Release|Win32.ActiveCfg = Release|Win32
		{4F43CB9F-2A35-4072-AE2B-EC6C798C3AC4}.Debug|Win32.ActiveCfg = Debug|Win32
		{4F43CB9F-2A35-4072-AE2B-EC6C798C3AC4}.Generate YY and LL files|Win32.ActiveCfg = Debug|Win32
		{4F43CB9F-2A35-4072-AE2B-EC6C798C3AC4}.Release|Win32.ActiveCfg = Release|Win32
		{8EEAA55D-2D64-43EC-8D44-69C4A3A55C8E}.Debug|Win32.ActiveCfg = Debug|Win32
		{8EEAA55D-2D64-43EC-8D44-69C4A3A55C8E}.Generate YY and LL files|Win32.ActiveCfg = Debug|Win32
		{8EEAA55D-2D64-43EC-8D44-69C4A3A55C8E}.Release|Win32.ActiveCfg = Release|Win32
		{F0C8361E-2E7A-412C-910B-4B17F7C418F9}.Debug|Win32.ActiveCfg = Debug|Win32
		{F0C8361E-2E7A-412C-910B-4B17F7C418F9}.Generate YY and LL files|Win32.ActiveCfg = Release|Win32
		{F0C8361E-2E7A-412C-910B-4B17F7C418F9}.Release|Win32.ActiveCfg = Release|Win32
		{5EC5D9BE-35A7-4A45-A947-06537FE3C214}.Debug|Win32.ActiveCfg = Debug|Win32
		{5EC5D9BE-35A7-4A45-A947-06537FE3C214}.Generate YY and LL files|Win32.ActiveCfg = Debug|Win32
		{5EC5D9BE-35A7-4A45-A947-06537FE3C214}.Release|Win32.ActiveCfg = Release|Win32
		{4FAAA2BA-D40F-4639-B110-476FCC76456C}.Debug|Win32.ActiveCfg = Debug|Win32
		{4FAAA2BA-D40F-4639-B110-476FCC76456C}.Generate YY and LL files|Win32.ActiveCfg = Release|Win32
		{4FAAA2BA-D40F-4639-B110-476FCC76456C}.Release|Win32.ActiveCfg = Release|Win32
		{6E8D18F2-48B8-4411-A040-0689F88BE9A4}.Debug|Win32.ActiveCfg = Debug|Win32
		{6E8D18F2-48B8-4411-A040-0689F88BE9A4}.Generate YY and LL files|Win32.ActiveCfg = Release|Win32
		{6E8D18F2-48B8-4411-A040-0689F88BE9A4}.Release|Win32.ActiveCfg = Release|Win32
		{6CB3BDCF-D076-462F-BFF0-1A1A68DE1D8C}.Debug|Win32.ActiveCfg = Debug|Win32
		{6CB3BDCF-D076-462F-BFF0-1A1A68DE1D8C}.Generate YY and LL files|Win32.ActiveCfg = Debug|Win32
		{6CB3BDCF-D076-462F-BFF0-1A1A68DE1D8C}.Release|Win32.ActiveCfg = Release|Win32
		{90AD1390-022F-485F-B6DE-72D4D6C8A2E7}.Debug|Win32.ActiveCfg = Debug|Win32
		{90AD1390-022F-485F-B6DE-72D4D6C8A2E7}.Generate YY and LL files|Win32.ActiveCfg = Debug|Win32
		{90AD1390-022F-485F-B6DE-72D4D6C8A2E7}.Release|Win32.ActiveCfg = Release|Win32
		{59796ED0-2F77-46CB-907B-AEDD5B889FE0}.Debug|Win32.ActiveCfg = Debug|Win32
		{59796ED0-2F77-46CB-907B-AEDD5B889FE0}.Generate YY and LL files|Win32.ActiveCfg = Release|Win32
		{59796ED0-2F77-46CB-907B-AEDD5B889FE0}.Release|Win32.ActiveCfg = Release|Win32
		{02E2A176-AB63-4BFD-8341-7695C0365AF8}.Debug|Win32.ActiveCfg = Debug|Win32
		{02E2A176-AB63-4BFD-8341-7695C0365AF8}.Generate YY and LL files|Win32.ActiveCfg = Debug|Win32
		{02E2A176-AB63-4BFD-8341-7695C0365AF8}.Release|Win32.ActiveCfg = Release|Win32
		{6325D6E1-5210-4DD9-B8ED-C614F30AFEAA}.Debug|Win32.ActiveCfg = Debug|Win32
		{6325D6E1-5210-4DD9-B8ED-C614F30AFEAA}.Generate YY and LL files|Win32.ActiveCfg = Release|Win32
		{6325D6E1-5210-4DD9-B8ED-C614F30AFEAA}.Release|Win32.ActiveCfg = Release|Win32
		{639D11D9-8313-4B58-8B94-9FE09D2934FA}.Debug|Win32.ActiveCfg = Debug|Win32
		{639D11D9-8313-4B58-8B94-9FE09D2934FA}.Generate YY and LL files|Win32.ActiveCfg = Debug|Win32
		{639D11D9-8313-4B58-8B94-9FE09D2934FA}.Release|Win32.ActiveCfg = Release|Win32
		{43B0EE46-6788-45D1-84F0-44EE2607D66F}.Debug|Win32.ActiveCfg = Debug|Win32
		{43B0EE46-6788-45D1-84F0-44EE2607D66F}.Generate YY and LL files|Win32.ActiveCfg = Debug|Win32
		{43B0EE46-6788-45D1-84F0-44EE2607D66F}.Release|Win32.ActiveCfg = Release|Win32
		{51B83D9A-ADB4-4A51-B1C0-CB5256CFD1A1}.Debug|Win32.ActiveCfg = Debug|Win32
		{51B83D9A-ADB4-4A51-B1C0-CB5256CFD1A1}.Generate YY and LL files|Win32.ActiveCfg = Release|Win32
		{51B83D9A-ADB4-4A51-B1C0-CB5256CFD1A1}.Release|Win32.ActiveCfg = Release|Win32
		{4116785C-D3B5-4C68-B789-7C7F7318B8A1}.Debug|Win32.ActiveCfg = Debug|Win32
		{4116785C-D3B5-4C68-B789-7C7F7318B8A1}.Generate YY and LL files|Win32.ActiveCfg = Release|Win32
		{4116785C-D3B5-4C68-B789-7C7F7318B8A1}.Release|Win32.ActiveCfg = Release|Win32
		{CC5E000F-CC8E-4417-93C3-2EE711459085}.Debug|Win32.ActiveCfg = Debug|Win32
		{CC5E000F-CC8E-4417-93C3-2EE711459085}.Generate YY and LL files|Win32.ActiveCfg = Debug|Win32
		{CC5E000F-CC8E-4417-93C3-2EE711459085}.Release|Win32.ActiveCfg = Release|Win32
		{9C930EDD-2F4B-47C2-8368-48E5413F566D}.Debug|Win32.ActiveCfg = Debug|Win32
		{9C930EDD-2F4B-47C2-8368-48E5413F566D}.Generate YY and LL files|Win32.ActiveCfg = Generate YY and LL files|Win32
		{9C930EDD-2F4B-47C2-8368-48E5413F566D}.Release|Win32.ActiveCfg = Release|Win32
		{42F7618C-EBE7-4B59-BC50-ADF0FB67DE9F}.Debug|Win32.ActiveCfg = Debug|Win32
		{42F7618C-EBE7-4B59-BC50-ADF0FB67DE9F}.Generate YY and LL files|Win32.ActiveCfg = Release|Win32
		{42F7618C-EBE7-4B59-BC50-ADF0FB67DE9F}.Release|Win32.ActiveCfg = Release|Win32
		{0A46D36B-1A27-43B0-94AA-B488968DD190}.Debug|Win32.ActiveCfg = Debug|Win32
		{0A46D36B-1A27-43B0-94AA-B488968DD190}.Generate YY and LL files|Win32.ActiveCfg = Debug|Win32
		{0A46D36B-1A27-43B0-94AA-B488968DD190}.Release|Win32.ActiveCfg = Release|Win32
		{794273AD-CA29-4A00-86CB-004708050031}.Debug|Win32.ActiveCfg = Debug|Win32
		{794273AD-CA29-4A00-86CB-004708050031}.Generate YY and LL files|Win32.ActiveCfg = Debug|Win32
		{794273AD-CA29-4A00-86CB-004708050031}.Release|Win32.ActiveCfg = Release|Win32
		{AC1536F4-0CDB-48A8-9ABF-6533A6CC97D1}.Debug|Win32.ActiveCfg = Debug|Win32
		{AC1536F4-0CDB-48A8-9ABF-6533A6CC97D1}.Generate YY and LL files|Win32.ActiveCfg = Release|Win32
		{AC1536F4-0CDB-48A8-9ABF-6533A6CC97D1}.Release|Win32.ActiveCfg = Release|Win32
		{1D2B07D9-7FEE-455C-A688-751B17DE57F3}.Debug|Win32.ActiveCfg = Debug|Win32
		{1D2B07D9-7FEE-455C-A688-751B17DE57F3}.Generate YY and LL files|Win32.ActiveCfg = Release|Win32
		{1D2B07D9-7FEE-455C-A688-751B17DE57F3}.Release|Win32.ActiveCfg = Release|Win32
		{10B0DA0A-CDB5-422A-99B1-AC50A17FAC9D}.Debug|Win32.ActiveCfg = Debug|Win32
		{10B0DA0A-CDB5-422A-99B1-AC50A17FAC9D}.Generate YY and LL files|Win32.ActiveCfg = Debug|Win32
		{10B0DA0A-CDB5-422A-99B1-AC50A17FAC9D}.Release|Win32.ActiveCfg = Release|Win32
		{C0DB96E5-8526-485B-B531-A67204629372}.Debug|Win32.ActiveCfg = Debug|Win32
		{C0DB96E5-8526-485B-B531-A67204629372}.Generate YY and LL files|Win32.ActiveCfg = Release|Win32
		{C0DB96E5-8526-485B-B531-A67204629372}.Release|Win32.ActiveCfg = Release|Win32
		{C0AB6AC4-B010-4FBA-9E81-99C6178AAAE0}.Debug|Win32.ActiveCfg = Debug|Win32
		{C0AB6AC4-B010-4FBA-9E81-99C6178AAAE0}.Generate YY and LL files|Win32.ActiveCfg = Release|Win32
		{C0AB6AC4-B010-4FBA-9E81-99C6178AAAE0}.Release|Win32.ActiveCfg = Release|Win32
		{FB15958E-5C5F-49B9-9D0B-4100F1BB48D2}.Debug|Win32.ActiveCfg = Debug|Win32
		{FB15958E-5C5F-49B9-9D0B-4100F1BB48D2}.Generate YY and LL files|Win32.ActiveCfg = Release|Win32
		{FB15958E-5C5F-49B9-9D0B-4100F1BB48D2}.Release|Win32.ActiveCfg = Release|Win32
		{73CBAFF2-E433-41CC-BF3F-28C888BAA581}.Debug|Win32.ActiveCfg = Debug|Win32
		{73CBAFF2-E433-41CC-BF3F-28C888BAA581}.Generate YY and LL files|Win32.ActiveCfg = Release|Win32
		{73CBAFF2-E433-41CC-BF3F-28C888BAA581}.Release|Win32.ActiveCfg = Release|Win32
		{B04A8BB1-3FDC-4B4E-9183-E7F2BCD8A414}.Debug|Win32.ActiveCfg = Debug|Win32
		{B04A8BB1-3FDC-4B4E-9183-E7F2BCD8A414}.Generate YY and LL files|Win32.ActiveCfg = Release|Win32
		{B04A8BB1-3FDC-4B4E-9183-E7F2BCD8A414}.Release|Win32.ActiveCfg = Release|Win32
		{FD5017D5-8F3F-4F39-BC20-B0AFFB8E191F}.Debug|Win32.ActiveCfg = Debug|Win32
		{FD5017D5-8F3F-4F39-BC20-B0AFFB8E191F}.Generate YY and LL files|Win32.ActiveCfg = Debug|Win32
		{FD5017D5-8F3F-4F39-BC20-B0AFFB8E191F}.Release|Win32.ActiveCfg = Release|Win32
		{B5014979-FD1F-463F-8AD5-A1EA1793DECE}.Debug|Win32.ActiveCfg = Debug|Win32
		{B5014979-FD1F-463F-8AD5-A1EA1793DECE}.Generate YY and LL files|Win32.ActiveCfg = Debug|Win32
		{B5014979-FD1F-463F-8AD5-A1EA1793DECE}.Release|Win32.ActiveCfg = Release|Win32
		{1BF41948-333F-4D92-A828-BD8EF147A239}.Debug|Win32.ActiveCfg = Debug|Win32
		{1BF41948-333F-4D92-A828-BD8EF147A239}.Generate YY and LL files|Win32.ActiveCfg = Release|Win32
		{1BF41948-333F-4D92-A828-BD8EF147A239}.Release|Win32.ActiveCfg = Release|Win32
		{4081F675-F86A-446B-8D6B-A5C61BE3DEC6}.Debug|Win32.ActiveCfg = Debug|Win32
		{4081F675-F86A-446B-8D6B-A5C61BE3DEC6}.Generate YY and LL files|Win32.ActiveCfg = Release|Win32
		{4081F675-F86A-446B-8D6B-A5C61BE3DEC6}.Release|Win32.ActiveCfg = Release|Win32
		{EA6C4D89-BC71-4879-8940-6B664B941090}.Debug|Win32.ActiveCfg = Debug|Win32
		{EA6C4D89-BC71-4879-8940-6B664B941090}.Debug|Win32.Build.0 = Debug|Win32
		{EA6C4D89-BC71-4879-8940-6B664B941090}.Generate YY and LL files|Win32.ActiveCfg = Release|Win32
		{EA6C4D89-BC71-4879-8940-6B664B941090}.Release|Win32.ActiveCfg = Release|Win32
		{2BADC608-7B7F-4195-A8FF-CE602C8D85B8}.Debug|Win32.ActiveCfg = Debug|Win32
		{2BADC608-7B7F-4195-A8FF-CE602C8D85B8}.Debug|Win32.Build.0 = Debug|Win32
		{2BADC608-7B7F-4195-A8FF-CE602C8D85B8}.Generate YY and LL files|Win32.ActiveCfg = Debug|Win32
		{2BADC608-7B7F-4195-A8FF-CE602C8D85B8}.Generate YY and LL files|Win32.Build.0 = Debug|Win32
		{2BADC608-7B7F-4195-A8FF-CE602C8D85B8}.Release|Win32.ActiveCfg = Release|Win32
		{29896946-E59F-4BDA-AD0D-9B49DF2968C5}.Debug|Win32.ActiveCfg = Debug|Win32
		{29896946-E59F-4BDA-AD0D-9B49DF2968C5}.Debug|Win32.Build.0 = Debug|Win32
		{29896946-E59F-4BDA-AD0D-9B49DF2968C5}.Generate YY and LL files|Win32.ActiveCfg = Release|Win32
		{29896946-E59F-4BDA-AD0D-9B49DF2968C5}.Generate YY and LL files|Win32.Build.0 = Release|Win32
		{29896946-E59F-4BDA-AD0D-9B49DF2968C5}.Release|Win32.ActiveCfg = Release|Win32
		{477DF3C4-0A21-4C66-974D-40700F821E29}.Debug|Win32.ActiveCfg = Debug|Win32
		{477DF3C4-0A21-4C66-974D-40700F821E29}.Debug|Win32.Build.0 = Debug|Win32
		{477DF3C4-0A21-4C66-974D-40700F821E29}.Generate YY and LL files|Win32.ActiveCfg = Release|Win32
		{477DF3C4-0A21-4C66-974D-40700F821E29}.Generate YY and LL files|Win32.Build.0 = Release|Win32
		{477DF3C4-0A21-4C66-974D-40700F821E29}.Release|Win32.ActiveCfg = Release|Win32
		{477DF3C4-0A21-4C66-974D-40700F821E29}.Release|Win32.Build.0 = Release|Win32
		{03EEE5C6-142A-4894-B7D6-13FD32EA52BE}.Debug|Win32.ActiveCfg = Debug|Win32
		{03EEE5C6-142A-4894-B7D6-13FD32EA52BE}.Debug|Win32.Build.0 = Debug|Win32
		{03EEE5C6-142A-4894-B7D6-13FD32EA52BE}.Generate YY and LL files|Win32.ActiveCfg = Release|Win32
		{03EEE5C6-142A-4894-B7D6-13FD32EA52BE}.Generate YY and LL files|Win32.Build.0 = Release|Win32
		{03EEE5C6-142A-4894-B7D6-13FD32EA52BE}.Release|Win32.ActiveCfg = Release|Win32
		{03EEE5C6-142A-4894-B7D6-13FD32EA52BE}.Release|Win32.Build.0 = Release|Win32
		{66C6E40A-2C91-4267-ADA0-776059544595}.Debug|Win32.ActiveCfg = Debug|Win32
		{66C6E40A-2C91-4267-ADA0-776059544595}.Debug|Win32.Build.0 = Debug|Win32
		{66C6E40A-2C91-4267-ADA0-776059544595}.Generate YY and LL files|Win32.ActiveCfg = Debug|Win32
		{66C6E40A-2C91-4267-ADA0-776059544595}.Generate YY and LL files|Win32.Build.0 = Debug|Win32
		{66C6E40A-2C91-4267-ADA0-776059544595}.Release|Win32.ActiveCfg = Release|Win32
		{66C6E40A-2C91-4267-ADA0-776059544595}.Release|Win32.Build.0 = Release|Win32
		{F902002C-A511-4784-A0B7-3220E6092F85}.Debug|Win32.ActiveCfg = Debug|Win32
		{F902002C-A511-4784-A0B7-3220E6092F85}.Debug|Win32.Build.0 = Debug|Win32
		{F902002C-A511-4784-A0B7-3220E6092F85}.Generate YY and LL files|Win32.ActiveCfg = Release|Win32
		{F902002C-A511-4784-A0B7-3220E6092F85}.Generate YY and LL files|Win32.Build.0 = Release|Win32
		{F902002C-A511-4784-A0B7-3220E6092F85}.Release|Win32.ActiveCfg = Release|Win32
		{F902002C-A511-4784-A0B7-3220E6092F85}.Release|Win32.Build.0 = Release|Win32
		{48C1B410-D9D2-4744-B67B-71BA98D04CE6}.Debug|Win32.ActiveCfg = Debug|Win32
		{48C1B410-D9D2-4744-B67B-71BA98D04CE6}.Debug|Win32.Build.0 = Debug|Win32
		{48C1B410-D9D2-4744-B67B-71BA98D04CE6}.Generate YY and LL files|Win32.ActiveCfg = Debug|Win32
		{48C1B410-D9D2-4744-B67B-71BA98D04CE6}.Generate YY and LL files|Win32.Build.0 = Debug|Win32
		{48C1B410-D9D2-4744-B67B-71BA98D04CE6}.Release|Win32.ActiveCfg = Release|Win32
		{48C1B410-D9D2-4744-B67B-71BA98D04CE6}.Release|Win32.Build.0 = Release|Win32
		{BB6EB9AF-FC0C-4500-A5FF-4A85B0F72DBC}.Debug|Win32.ActiveCfg = Debug|Win32
		{BB6EB9AF-FC0C-4500-A5FF-4A85B0F72DBC}.Debug|Win32.Build.0 = Debug|Win32
		{BB6EB9AF-FC0C-4500-A5FF-4A85B0F72DBC}.Generate YY and LL files|Win32.ActiveCfg = Release|Win32
		{BB6EB9AF-FC0C-4500-A5FF-4A85B0F72DBC}.Generate YY and LL files|Win32.Build.0 = Release|Win32
		{BB6EB9AF-FC0C-4500-A5FF-4A85B0F72DBC}.Release|Win32.ActiveCfg = Release|Win32
		{BB6EB9AF-FC0C-4500-A5FF-4A85B0F72DBC}.Release|Win32.Build.0 = Release|Win32
		{22EADFB7-C0DA-4BCE-9684-FF07ADBE7169}.Debug|Win32.ActiveCfg = Debug|Win32
		{22EADFB7-C0DA-4BCE-9684-FF07ADBE7169}.Debug|Win32.Build.0 = Debug|Win32
		{22EADFB7-C0DA-4BCE-9684-FF07ADBE7169}.Generate YY and LL files|Win32.ActiveCfg = Release|Win32
		{22EADFB7-C0DA-4BCE-9684-FF07ADBE7169}.Generate YY and LL files|Win32.Build.0 = Release|Win32
		{22EADFB7-C0DA-4BCE-9684-FF07ADBE7169}.Release|Win32.ActiveCfg = Release|Win32
		{22EADFB7-C0DA-4BCE-9684-FF07ADBE7169}.Release|Win32.Build.0 = Release|Win32
	EndGlobalSection
	GlobalSection(SolutionProperties) = preSolution
		HideSolutionNode = FALSE
	EndGlobalSection
EndGlobal
