<?xml version="1.0" encoding="UTF-8" standalone="yes" ?>
<CodeBlocks_project_file>
	<FileVersion major="1" minor="4" />
	<Project>
		<Option title="libXmake" />
		<Option default_target="-1" />
		<Option compiler="gcc" />
		<Build>
			<Target title="mingw_Release">
				<Option output="..\..\lib\liblibXmake_mgcc_s.a" />
				<Option working_dir="" />
				<Option object_output="mingw\Release\" />
				<Option type="2" />
				<Option compiler="gcc" />
				<Option includeInTargetAll="1" />
				<Option createDefFile="1" />
				<Option projectResourceIncludeDirsRelation="2" />
				<Compiler>
					<Add option="-O2" />
					<Add option="-W" />
					<Add option="-pipe" />
					<Add option="-frtti" />
					<Add option="-fexceptions" />
					<Add option="-mthreads" />
					<Add option="-fmessage-length=0" />
					<Add option="-Winvalid-pch" />
					<Add option="-Wno-multichar" />
					<Add option="-DNDEBUG" />
					<Add option="-DWIN32" />
					<Add option="-D_WIN32" />
					<Add option="-D_WINDOWS" />
					<Add option="-D_LIB" />
				</Compiler>
			</Target>
			<Target title="mingw_Debug">
				<Option output="..\..\lib\liblibXmake_mgcc_sd.a" />
				<Option working_dir="" />
				<Option object_output="mingw\Debug\" />
				<Option type="2" />
				<Option compiler="gcc" />
				<Option createDefFile="1" />
				<Option projectResourceIncludeDirsRelation="2" />
				<Compiler>
					<Add option="-W" />
					<Add option="-g" />
					<Add option="-pipe" />
					<Add option="-frtti" />
					<Add option="-fexceptions" />
					<Add option="-mthreads" />
					<Add option="-fmessage-length=0" />
					<Add option="-Winvalid-pch" />
					<Add option="-Wno-multichar" />
					<Add option="-D_DEBUG" />
					<Add option="-DWIN32" />
					<Add option="-D_WIN32" />
					<Add option="-D_WINDOWS" />
					<Add option="-D_LIB" />
				</Compiler>
			</Target>
		</Build>
		<Linker>
			<Add directory="..\..\lib" />
		</Linker>
		<Unit filename="CmdLine.cpp">
			<Option compilerVar="CPP" />
			<Option target="mingw_Release" />
			<Option target="mingw_Debug" />
		</Unit>
		<Unit filename="CmdLine.h">
			<Option compilerVar="CPP" />
			<Option compile="0" />
			<Option link="0" />
			<Option target="mingw_Release" />
			<Option target="mingw_Debug" />
		</Unit>
		<Unit filename="DependencyNodes.h">
			<Option compilerVar="CPP" />
			<Option compile="0" />
			<Option link="0" />
			<Option target="mingw_Release" />
			<Option target="mingw_Debug" />
		</Unit>
		<Unit filename="Enumerator.h">
			<Option compilerVar="CPP" />
			<Option compile="0" />
			<Option link="0" />
			<Option target="mingw_Release" />
			<Option target="mingw_Debug" />
		</Unit>
		<Unit filename="FilePath.cpp">
			<Option compilerVar="CPP" />
			<Option target="mingw_Release" />
			<Option target="mingw_Debug" />
		</Unit>
		<Unit filename="FilePath.h">
			<Option compilerVar="CPP" />
			<Option compile="0" />
			<Option link="0" />
			<Option target="mingw_Release" />
			<Option target="mingw_Debug" />
		</Unit>
		<Unit filename="XMLParser.cpp">
			<Option compilerVar="CPP" />
			<Option target="mingw_Release" />
			<Option target="mingw_Debug" />
		</Unit>
		<Unit filename="XMLParser.h">
			<Option compilerVar="CPP" />
			<Option compile="0" />
			<Option link="0" />
			<Option target="mingw_Release" />
			<Option target="mingw_Debug" />
		</Unit>
		<Unit filename="xmake.cpp">
			<Option compilerVar="CPP" />
			<Option target="mingw_Release" />
			<Option target="mingw_Debug" />
		</Unit>
		<Unit filename="xmake.h">
			<Option compilerVar="CPP" />
			<Option compile="0" />
			<Option link="0" />
			<Option target="mingw_Release" />
			<Option target="mingw_Debug" />
		</Unit>
		<Unit filename="xmakeUtils.cpp">
			<Option compilerVar="CPP" />
			<Option target="mingw_Release" />
			<Option target="mingw_Debug" />
		</Unit>
		<Unit filename="xmakeUtils.h">
			<Option compilerVar="CPP" />
			<Option compile="0" />
			<Option link="0" />
			<Option target="mingw_Release" />
			<Option target="mingw_Debug" />
		</Unit>
	</Project>
</CodeBlocks_project_file>