Microsoft Visual Studio Solution File, Format Version 9.00
# Visual Studio 2005
Project("{8BC9CEB8-8B4A-11D0-8D11-00A0C91BC942}") = "Accelerators", "Accelerators\Accelerators_vc80.vcproj", "{B562B243-DE36-4AF0-98A1-C834F2460C30}"
EndProject
Project("{8BC9CEB8-8B4A-11D0-8D11-00A0C91BC942}") = "Actions", "Actions\Actions_vc80.vcproj", "{5FDE7645-18AB-4B91-A5A6-709E73B3D293}"
EndProject
Project("{8BC9CEB8-8B4A-11D0-8D11-00A0C91BC942}") = "AdvancedAlignment", "AdvancedAlignment\AdvancedAlignment_vc80.vcproj", "{B37FF77E-B3CC-43D4-AE50-FEBD3865D8F2}"
EndProject
Project("{8BC9CEB8-8B4A-11D0-8D11-00A0C91BC942}") = "AdvancedUI", "AdvancedUI\AdvancedUI_vc80.vcproj", "{E88B35E8-8F56-4B04-821E-551E06F796F8}"
EndProject
Project("{8BC9CEB8-8B4A-11D0-8D11-00A0C91BC942}") = "Alignment", "Alignment\Alignment_vc80.vcproj", "{394527AD-1107-4E30-938F-4EDA937A208A}"
EndProject
Project("{8BC9CEB8-8B4A-11D0-8D11-00A0C91BC942}") = "Anchors", "Anchors\Anchors_vc80.vcproj", "{BC21E3C9-58BE-41D9-8DFB-165D95232B05}"
EndProject
Project("{8BC9CEB8-8B4A-11D0-8D11-00A0C91BC942}") = "AppResources", "AppResources\AppResources_vc80.vcproj", "{CAA78287-6015-4ED0-9DC3-A3BBDBBA1CD0}"
EndProject
Project("{8BC9CEB8-8B4A-11D0-8D11-00A0C91BC942}") = "ApplicationIcons", "ApplicationIcons\ApplicationIcons_vc80.vcproj", "{2CBA1118-6D5E-4405-9EA5-4D49129AC169}"
EndProject
Project("{8BC9CEB8-8B4A-11D0-8D11-00A0C91BC942}") = "ApplicationKit", "..\build\vc80\ApplicationKit\ApplicationKit_vc80.vcproj", "{FB6EE931-23D6-4A12-8A22-3BC354267563}"
	ProjectSection(ProjectDependencies) = postProject
		{505E7AE6-3414-4D22-9BE7-87EC093FED53} = {505E7AE6-3414-4D22-9BE7-87EC093FED53}
	EndProjectSection
EndProject
Project("{8BC9CEB8-8B4A-11D0-8D11-00A0C91BC942}") = "ApplicationKitDLL", "..\build\vc80\ApplicationKit\ApplicationKitDLL_vc80.vcproj", "{AE86332F-2E64-460B-8363-C502DE1BBFB3}"
	ProjectSection(ProjectDependencies) = postProject
		{B68A433E-59B4-41A2-9243-AF448A3F7BAD} = {B68A433E-59B4-41A2-9243-AF448A3F7BAD}
	EndProjectSection
EndProject
Project("{8BC9CEB8-8B4A-11D0-8D11-00A0C91BC942}") = "Browser", "Browser\Browser_vc80.vcproj", "{D5DD97A8-79CA-4521-A493-F77A1552891D}"
	ProjectSection(ProjectDependencies) = postProject
		{A0CB95D9-CDF6-4D02-BBA0-EEC6631FE44F} = {A0CB95D9-CDF6-4D02-BBA0-EEC6631FE44F}
	EndProjectSection
EndProject
Project("{8BC9CEB8-8B4A-11D0-8D11-00A0C91BC942}") = "Cards", "Cards\Cards_vc80.vcproj", "{A0FFF5F4-47E4-46FD-8CAD-C4F22E0CE545}"
EndProject
Project("{8BC9CEB8-8B4A-11D0-8D11-00A0C91BC942}") = "Colors", "Colors\Colors_vc80.vcproj", "{649358FA-164A-42CA-8E2F-9054B28B5A9E}"
EndProject
Project("{8BC9CEB8-8B4A-11D0-8D11-00A0C91BC942}") = "Combos", "Combos\Combos_vc80.vcproj", "{AD289448-96C5-481E-AE5E-1DAC66593FCC}"
EndProject
Project("{8BC9CEB8-8B4A-11D0-8D11-00A0C91BC942}") = "CommonDirectories", "CommonDirectories\CommonDirectories_vc80.vcproj", "{11F87A5E-1C98-4279-ADEF-5F4E4EAFA657}"
EndProject
Project("{8BC9CEB8-8B4A-11D0-8D11-00A0C91BC942}") = "Conditions", "Conditions\Conditions_vc80.vcproj", "{108BBE68-391C-4026-931D-E964B2A6D5F0}"
EndProject
Project("{8BC9CEB8-8B4A-11D0-8D11-00A0C91BC942}") = "Controls", "Controls\Controls_vc80.vcproj", "{6B9FA509-DFAE-4FE1-897A-14A8C21C100D}"
EndProject
Project("{8BC9CEB8-8B4A-11D0-8D11-00A0C91BC942}") = "CopyAndPaste", "CopyAndPaste\CopyAndPaste_vc80.vcproj", "{D6A7A039-A854-468E-A3A1-4D9349E02C8D}"
EndProject
Project("{8BC9CEB8-8B4A-11D0-8D11-00A0C91BC942}") = "DateTimeUI", "DateTimeUI\DateTimeUI_vc80.vcproj", "{9C994545-14FB-4A54-B5BD-9F3EC6B74DDC}"
EndProject
Project("{8BC9CEB8-8B4A-11D0-8D11-00A0C91BC942}") = "DatesAndTime", "DatesAndTime\DatesAndTime_vc80.vcproj", "{042D2725-EB72-45B0-96C0-901E97B46E2A}"
EndProject
Project("{8BC9CEB8-8B4A-11D0-8D11-00A0C91BC942}") = "Dialogs", "Dialogs\Dialogs_vc80.vcproj", "{74B5D7F3-5CA6-4DBA-86BE-74E2AB6D16B5}"
EndProject
Project("{8BC9CEB8-8B4A-11D0-8D11-00A0C91BC942}") = "Dictionaries", "Dictionaries\Dictionaries_vc80.vcproj", "{8125DC70-D816-44BD-866A-3A8A32487B8C}"
EndProject
Project("{8BC9CEB8-8B4A-11D0-8D11-00A0C91BC942}") = "Directories", "Directories\Directories_vc80.vcproj", "{1AA0114C-624B-4B68-B468-21450E3BC575}"
EndProject
Project("{8BC9CEB8-8B4A-11D0-8D11-00A0C91BC942}") = "DocViewAdvanced", "DocViewAdvanced\DocViewAdvanced_vc80.vcproj", "{5A5D1418-7276-4B48-A075-D745546899B9}"
EndProject
Project("{8BC9CEB8-8B4A-11D0-8D11-00A0C91BC942}") = "DocViewBasics", "DocViewBasics\DocViewBasics_vc80.vcproj", "{1222A5B4-4FCB-4829-B371-3A79F7C1F60B}"
EndProject
Project("{8BC9CEB8-8B4A-11D0-8D11-00A0C91BC942}") = "DragAndDrop", "DragAndDrop\DragAndDrop_vc80.vcproj", "{C4327FCE-220F-44CE-913F-94976F67D54C}"
EndProject
Project("{8BC9CEB8-8B4A-11D0-8D11-00A0C91BC942}") = "EventBasics", "EventBasics\EventBasics_vc80.vcproj", "{6526562B-25C4-4FBC-BE95-78B698DB3DF2}"
EndProject
Project("{8BC9CEB8-8B4A-11D0-8D11-00A0C91BC942}") = "Examples", "Examples\Examples_vc80.vcproj", "{D4175FEA-2EAB-410F-9B1F-D59F400930CE}"
	ProjectSection(ProjectDependencies) = postProject
		{6B9FA509-DFAE-4FE1-897A-14A8C21C100D} = {6B9FA509-DFAE-4FE1-897A-14A8C21C100D}
		{9884820A-2E0A-4266-A6CC-A13F83BB0256} = {9884820A-2E0A-4266-A6CC-A13F83BB0256}
		{5629470C-BB30-4D55-BBA7-62EA2EB1191D} = {5629470C-BB30-4D55-BBA7-62EA2EB1191D}
		{F7805A0E-D8F4-4B76-8569-70383CC6F85C} = {F7805A0E-D8F4-4B76-8569-70383CC6F85C}
		{70F48013-0D78-4752-B312-070EF2BB95BB} = {70F48013-0D78-4752-B312-070EF2BB95BB}
		{2CBA1118-6D5E-4405-9EA5-4D49129AC169} = {2CBA1118-6D5E-4405-9EA5-4D49129AC169}
		{5A5D1418-7276-4B48-A075-D745546899B9} = {5A5D1418-7276-4B48-A075-D745546899B9}
		{11AFB61E-3780-4CBF-92D0-1054F42405F5} = {11AFB61E-3780-4CBF-92D0-1054F42405F5}
		{042D2725-EB72-45B0-96C0-901E97B46E2A} = {042D2725-EB72-45B0-96C0-901E97B46E2A}
		{ADC0FB26-2C44-4D96-AB5B-80709E603666} = {ADC0FB26-2C44-4D96-AB5B-80709E603666}
		{6526562B-25C4-4FBC-BE95-78B698DB3DF2} = {6526562B-25C4-4FBC-BE95-78B698DB3DF2}
		{AE86332F-2E64-460B-8363-C502DE1BBFB3} = {AE86332F-2E64-460B-8363-C502DE1BBFB3}
		{10E89C30-9CA8-4AF2-A8EA-A49C40B989E2} = {10E89C30-9CA8-4AF2-A8EA-A49C40B989E2}
		{2DB85331-C153-41D1-A653-275B0E2A0B4C} = {2DB85331-C153-41D1-A653-275B0E2A0B4C}
		{7BD28D37-9A7B-49BC-AD35-745F9EAFD02D} = {7BD28D37-9A7B-49BC-AD35-745F9EAFD02D}
		{D6A7A039-A854-468E-A3A1-4D9349E02C8D} = {D6A7A039-A854-468E-A3A1-4D9349E02C8D}
		{2A82503B-20FA-47E4-8567-7BF68158A077} = {2A82503B-20FA-47E4-8567-7BF68158A077}
		{355E743B-E4B1-4530-99D3-E93AB85060D9} = {355E743B-E4B1-4530-99D3-E93AB85060D9}
		{45EEEC3E-9566-4EF7-A043-FAD88B9B5567} = {45EEEC3E-9566-4EF7-A043-FAD88B9B5567}
		{DDD77842-B01B-4154-9209-8F8432332466} = {DDD77842-B01B-4154-9209-8F8432332466}
		{B562B243-DE36-4AF0-98A1-C834F2460C30} = {B562B243-DE36-4AF0-98A1-C834F2460C30}
		{332FC043-62D6-42D0-8AB9-BFC087DD9E39} = {332FC043-62D6-42D0-8AB9-BFC087DD9E39}
		{9C994545-14FB-4A54-B5BD-9F3EC6B74DDC} = {9C994545-14FB-4A54-B5BD-9F3EC6B74DDC}
		{5FDE7645-18AB-4B91-A5A6-709E73B3D293} = {5FDE7645-18AB-4B91-A5A6-709E73B3D293}
		{AD289448-96C5-481E-AE5E-1DAC66593FCC} = {AD289448-96C5-481E-AE5E-1DAC66593FCC}
		{1AA0114C-624B-4B68-B468-21450E3BC575} = {1AA0114C-624B-4B68-B468-21450E3BC575}
		{87CB044D-9C4D-48A1-A754-63C31EB8BEF8} = {87CB044D-9C4D-48A1-A754-63C31EB8BEF8}
		{EF7E0952-7CF1-4E45-8F58-0327560DC634} = {EF7E0952-7CF1-4E45-8F58-0327560DC634}
		{E8722E55-93D2-4ED1-A5C4-C045E59A2609} = {E8722E55-93D2-4ED1-A5C4-C045E59A2609}
		{DEF80C5B-5492-4CDA-8265-D649172880F3} = {DEF80C5B-5492-4CDA-8265-D649172880F3}
		{BE4CCE5B-E864-400C-996C-CC8D3CF3A33E} = {BE4CCE5B-E864-400C-996C-CC8D3CF3A33E}
		{7E757B5C-4EC5-4A33-8278-29EB0FA5035C} = {7E757B5C-4EC5-4A33-8278-29EB0FA5035C}
		{11F87A5E-1C98-4279-ADEF-5F4E4EAFA657} = {11F87A5E-1C98-4279-ADEF-5F4E4EAFA657}
		{8B27425F-6D24-47B4-8CA5-D0E24536C413} = {8B27425F-6D24-47B4-8CA5-D0E24536C413}
		{108BBE68-391C-4026-931D-E964B2A6D5F0} = {108BBE68-391C-4026-931D-E964B2A6D5F0}
		{0162E66E-B8A0-4024-A6A2-F7557DE4F3EF} = {0162E66E-B8A0-4024-A6A2-F7557DE4F3EF}
		{FC6F4770-9489-42E5-A96C-E04CD475A850} = {FC6F4770-9489-42E5-A96C-E04CD475A850}
		{8125DC70-D816-44BD-866A-3A8A32487B8C} = {8125DC70-D816-44BD-866A-3A8A32487B8C}
		{7B69D174-3429-4F18-99A8-35E238C68FEB} = {7B69D174-3429-4F18-99A8-35E238C68FEB}
		{77578375-D531-4488-AB2A-6A56E0DE965D} = {77578375-D531-4488-AB2A-6A56E0DE965D}
		{5982EE7A-8ECB-47BC-8FEC-6389B9313FEF} = {5982EE7A-8ECB-47BC-8FEC-6389B9313FEF}
		{4348087D-8C97-460D-B8D4-DB563AE00877} = {4348087D-8C97-460D-B8D4-DB563AE00877}
		{B37FF77E-B3CC-43D4-AE50-FEBD3865D8F2} = {B37FF77E-B3CC-43D4-AE50-FEBD3865D8F2}
		{189E3581-6C65-4F92-A529-ACB38C354FB1} = {189E3581-6C65-4F92-A529-ACB38C354FB1}
		{9EA10687-408D-4FC3-AC77-0E20EF806AE6} = {9EA10687-408D-4FC3-AC77-0E20EF806AE6}
		{CAA78287-6015-4ED0-9DC3-A3BBDBBA1CD0} = {CAA78287-6015-4ED0-9DC3-A3BBDBBA1CD0}
		{007D9B8E-1887-4F39-BD61-2A50893161E1} = {007D9B8E-1887-4F39-BD61-2A50893161E1}
		{98C21396-FBC9-40BA-A847-E26BCBE79994} = {98C21396-FBC9-40BA-A847-E26BCBE79994}
		{D59F5B99-8160-4344-8DFA-9C4A1DE1D4F0} = {D59F5B99-8160-4344-8DFA-9C4A1DE1D4F0}
		{0EF644A1-D579-4185-8E04-B3F95AF29DC7} = {0EF644A1-D579-4185-8E04-B3F95AF29DC7}
		{D5DD97A8-79CA-4521-A493-F77A1552891D} = {D5DD97A8-79CA-4521-A493-F77A1552891D}
		{FFEAC7AB-E3C6-479B-B679-BDABAD3F3AA2} = {FFEAC7AB-E3C6-479B-B679-BDABAD3F3AA2}
		{394527AD-1107-4E30-938F-4EDA937A208A} = {394527AD-1107-4E30-938F-4EDA937A208A}
		{BE9000B0-02E5-4768-8ADD-4B2177CC7988} = {BE9000B0-02E5-4768-8ADD-4B2177CC7988}
		{471607B1-ECD2-4048-8DBC-678BF124A603} = {471607B1-ECD2-4048-8DBC-678BF124A603}
		{9DE96AB4-297F-4AA9-8CA6-A10CFDDFC440} = {9DE96AB4-297F-4AA9-8CA6-A10CFDDFC440}
		{1222A5B4-4FCB-4829-B371-3A79F7C1F60B} = {1222A5B4-4FCB-4829-B371-3A79F7C1F60B}
		{952C1EC3-A1A8-4F5C-A191-07DB4011FA2D} = {952C1EC3-A1A8-4F5C-A191-07DB4011FA2D}
		{182151C8-6A51-499B-B604-56918A9E18AD} = {182151C8-6A51-499B-B604-56918A9E18AD}
		{BC21E3C9-58BE-41D9-8DFB-165D95232B05} = {BC21E3C9-58BE-41D9-8DFB-165D95232B05}
		{56983BCD-AEBE-4144-ADD5-461EB3222B1C} = {56983BCD-AEBE-4144-ADD5-461EB3222B1C}
		{C4327FCE-220F-44CE-913F-94976F67D54C} = {C4327FCE-220F-44CE-913F-94976F67D54C}
		{1B4E9CD1-3F83-48BE-834C-F198B268CC0E} = {1B4E9CD1-3F83-48BE-834C-F198B268CC0E}
		{1209F0D2-B233-4E65-8AF7-2C181C9B843B} = {1209F0D2-B233-4E65-8AF7-2C181C9B843B}
		{E749C8D5-1783-48DD-97A5-16FFFC694855} = {E749C8D5-1783-48DD-97A5-16FFFC694855}
		{2E3FB6D7-F10E-4B17-A11C-6FC6378D1C97} = {2E3FB6D7-F10E-4B17-A11C-6FC6378D1C97}
		{8F6CF3DB-FC3A-4936-8E6B-A7C6AB78423D} = {8F6CF3DB-FC3A-4936-8E6B-A7C6AB78423D}
		{E88B35E8-8F56-4B04-821E-551E06F796F8} = {E88B35E8-8F56-4B04-821E-551E06F796F8}
		{E3FE41E9-50EC-48BC-A0B2-BE87D923889C} = {E3FE41E9-50EC-48BC-A0B2-BE87D923889C}
		{8460C7F0-C8C2-4BA2-B0BB-1B8AA29DE6DC} = {8460C7F0-C8C2-4BA2-B0BB-1B8AA29DE6DC}
		{74B5D7F3-5CA6-4DBA-86BE-74E2AB6D16B5} = {74B5D7F3-5CA6-4DBA-86BE-74E2AB6D16B5}
		{A0FFF5F4-47E4-46FD-8CAD-C4F22E0CE545} = {A0FFF5F4-47E4-46FD-8CAD-C4F22E0CE545}
		{90BC32F8-321B-4E39-AA9B-5E6EB2600242} = {90BC32F8-321B-4E39-AA9B-5E6EB2600242}
		{649358FA-164A-42CA-8E2F-9054B28B5A9E} = {649358FA-164A-42CA-8E2F-9054B28B5A9E}
		{74EEA0FC-E720-4AEE-8627-92CD81A35FF1} = {74EEA0FC-E720-4AEE-8627-92CD81A35FF1}
		{D51A53FE-81C0-4615-ACA2-AFBA2687E651} = {D51A53FE-81C0-4615-ACA2-AFBA2687E651}
		{0581BAFE-499E-4E70-84DD-1573FAA756EB} = {0581BAFE-499E-4E70-84DD-1573FAA756EB}
		{69ADC0FE-EF6F-4064-B64A-A90E661585CB} = {69ADC0FE-EF6F-4064-B64A-A90E661585CB}
	EndProjectSection
EndProject
Project("{8BC9CEB8-8B4A-11D0-8D11-00A0C91BC942}") = "FilesAndDirectories", "FilesAndDirectories\FilesAndDirectories_vc80.vcproj", "{952C1EC3-A1A8-4F5C-A191-07DB4011FA2D}"
EndProject
Project("{8BC9CEB8-8B4A-11D0-8D11-00A0C91BC942}") = "FoundationKit", "..\build\vc80\FoundationKit\FoundationKit_vc80.vcproj", "{18F07694-FC61-4C07-9650-189E329972B2}"
EndProject
Project("{8BC9CEB8-8B4A-11D0-8D11-00A0C91BC942}") = "FoundationKitDLL", "..\build\vc80\FoundationKit\FoundationKitDLL_vc80.vcproj", "{49ECCC34-695D-472F-BE5F-1E2FC4FDCECD}"
EndProject
Project("{8BC9CEB8-8B4A-11D0-8D11-00A0C91BC942}") = "FrameStyles", "FrameStyles\FrameStyles_vc80.vcproj", "{ADC0FB26-2C44-4D96-AB5B-80709E603666}"
EndProject
Project("{8BC9CEB8-8B4A-11D0-8D11-00A0C91BC942}") = "GraphicsAndMouseMoves", "GraphicsAndMouseMoves\GraphicsAndMouseMoves_vc80.vcproj", "{56983BCD-AEBE-4144-ADD5-461EB3222B1C}"
EndProject
Project("{8BC9CEB8-8B4A-11D0-8D11-00A0C91BC942}") = "GraphicsBasics", "GraphicsBasics\GraphicsBasics_vc80.vcproj", "{FC6F4770-9489-42E5-A96C-E04CD475A850}"
EndProject
Project("{8BC9CEB8-8B4A-11D0-8D11-00A0C91BC942}") = "GraphicsKit", "..\build\vc80\GraphicsKit\GraphicsKit_vc80.vcproj", "{505E7AE6-3414-4D22-9BE7-87EC093FED53}"
	ProjectSection(ProjectDependencies) = postProject
		{9C900D7C-DDE4-4E0F-B5DE-A326C39607DC} = {9C900D7C-DDE4-4E0F-B5DE-A326C39607DC}
		{18F07694-FC61-4C07-9650-189E329972B2} = {18F07694-FC61-4C07-9650-189E329972B2}
	EndProjectSection
EndProject
Project("{8BC9CEB8-8B4A-11D0-8D11-00A0C91BC942}") = "GraphicsKitDLL", "..\build\vc80\GraphicsKit\GraphicsKitDLL_vc80.vcproj", "{B68A433E-59B4-41A2-9243-AF448A3F7BAD}"
	ProjectSection(ProjectDependencies) = postProject
		{49ECCC34-695D-472F-BE5F-1E2FC4FDCECD} = {49ECCC34-695D-472F-BE5F-1E2FC4FDCECD}
		{9C900D7C-DDE4-4E0F-B5DE-A326C39607DC} = {9C900D7C-DDE4-4E0F-B5DE-A326C39607DC}
	EndProjectSection
EndProject
Project("{8BC9CEB8-8B4A-11D0-8D11-00A0C91BC942}") = "HTMLKit", "..\build\vc80\HTMLKit\HTMLKit_vc80.vcproj", "{37828CFC-766C-4EB6-AA88-438F963055F1}"
	ProjectSection(ProjectDependencies) = postProject
		{FB6EE931-23D6-4A12-8A22-3BC354267563} = {FB6EE931-23D6-4A12-8A22-3BC354267563}
	EndProjectSection
EndProject
Project("{8BC9CEB8-8B4A-11D0-8D11-00A0C91BC942}") = "HTMLKitDll", "..\build\vc80\HTMLKit\HTMLKitDll_vc80.vcproj", "{A0CB95D9-CDF6-4D02-BBA0-EEC6631FE44F}"
	ProjectSection(ProjectDependencies) = postProject
		{AE86332F-2E64-460B-8363-C502DE1BBFB3} = {AE86332F-2E64-460B-8363-C502DE1BBFB3}
	EndProjectSection
EndProject
Project("{8BC9CEB8-8B4A-11D0-8D11-00A0C91BC942}") = "HeavyAndLight", "HeavyAndLight\HeavyAndLight_vc80.vcproj", "{7BD28D37-9A7B-49BC-AD35-745F9EAFD02D}"
EndProject
Project("{8BC9CEB8-8B4A-11D0-8D11-00A0C91BC942}") = "HelloWorld", "HelloWorld\HelloWorld_vc80.vcproj", "{EF7E0952-7CF1-4E45-8F58-0327560DC634}"
EndProject
Project("{8BC9CEB8-8B4A-11D0-8D11-00A0C91BC942}") = "HelloWorld2", "HelloWorld2\HelloWorld2_vc80.vcproj", "{D51A53FE-81C0-4615-ACA2-AFBA2687E651}"
EndProject
Project("{8BC9CEB8-8B4A-11D0-8D11-00A0C91BC942}") = "HelloWorld3", "HelloWorld3\HelloWorld3_vc80.vcproj", "{90BC32F8-321B-4E39-AA9B-5E6EB2600242}"
EndProject
Project("{8BC9CEB8-8B4A-11D0-8D11-00A0C91BC942}") = "Help", "Help\Help_vc80.vcproj", "{69ADC0FE-EF6F-4064-B64A-A90E661585CB}"
EndProject
Project("{8BC9CEB8-8B4A-11D0-8D11-00A0C91BC942}") = "ImageBasics", "ImageBasics\ImageBasics_vc80.vcproj", "{1209F0D2-B233-4E65-8AF7-2C181C9B843B}"
EndProject
Project("{8BC9CEB8-8B4A-11D0-8D11-00A0C91BC942}") = "ImageViewer", "ImageViewer\ImageViewer_vc80.vcproj", "{E749C8D5-1783-48DD-97A5-16FFFC694855}"
EndProject
Project("{8BC9CEB8-8B4A-11D0-8D11-00A0C91BC942}") = "InetKit", "InetKit\InetKit_vc80.vcproj", "{2E3FB6D7-F10E-4B17-A11C-6FC6378D1C97}"
	ProjectSection(ProjectDependencies) = postProject
		{298C4E5D-293B-43FC-A61F-BF33596B5637} = {298C4E5D-293B-43FC-A61F-BF33596B5637}
	EndProjectSection
EndProject
Project("{8BC9CEB8-8B4A-11D0-8D11-00A0C91BC942}") = "InternetKit", "..\build\vc80\InternetKit\InternetKit_vc80.vcproj", "{177137B4-88BC-4398-ACC0-91DC097AA54D}"
EndProject
Project("{8BC9CEB8-8B4A-11D0-8D11-00A0C91BC942}") = "InternetKitDLL", "..\build\vc80\InternetKit\InternetKitDLL_vc80.vcproj", "{298C4E5D-293B-43FC-A61F-BF33596B5637}"
EndProject
Project("{8BC9CEB8-8B4A-11D0-8D11-00A0C91BC942}") = "Labels", "Labels\Labels_vc80.vcproj", "{DDD77842-B01B-4154-9209-8F8432332466}"
EndProject
Project("{8BC9CEB8-8B4A-11D0-8D11-00A0C91BC942}") = "ListBox", "ListBox\ListBox_vc80.vcproj", "{5629470C-BB30-4D55-BBA7-62EA2EB1191D}"
EndProject
Project("{8BC9CEB8-8B4A-11D0-8D11-00A0C91BC942}") = "LocaleUI", "LocaleUI\LocaleUI_vc80.vcproj", "{F7805A0E-D8F4-4B76-8569-70383CC6F85C}"
EndProject
Project("{8BC9CEB8-8B4A-11D0-8D11-00A0C91BC942}") = "Localization", "Localization\Localization_vc80.vcproj", "{98C21396-FBC9-40BA-A847-E26BCBE79994}"
EndProject
Project("{8BC9CEB8-8B4A-11D0-8D11-00A0C91BC942}") = "MFCIntegration1", "MFCIntegration1\MFCIntegration1_vc80.vcproj", "{2DB85331-C153-41D1-A653-275B0E2A0B4C}"
EndProject
Project("{8BC9CEB8-8B4A-11D0-8D11-00A0C91BC942}") = "MFCIntegration2", "MFCIntegration2\MFCIntegration2_vc80.vcproj", "{FFEAC7AB-E3C6-479B-B679-BDABAD3F3AA2}"
EndProject
Project("{8BC9CEB8-8B4A-11D0-8D11-00A0C91BC942}") = "MVCBasics", "MVCBasics\MVCBasics_vc80.vcproj", "{BE9000B0-02E5-4768-8ADD-4B2177CC7988}"
EndProject
Project("{8BC9CEB8-8B4A-11D0-8D11-00A0C91BC942}") = "MinMax", "MinMax\MinMax_vc80.vcproj", "{8F6CF3DB-FC3A-4936-8E6B-A7C6AB78423D}"
EndProject
Project("{8BC9CEB8-8B4A-11D0-8D11-00A0C91BC942}") = "NetworkKit", "..\build\vc80\NetworkKit\NetworkKit_vc80.vcproj", "{BD53C24C-C67B-4B24-A05F-4A1BBE5A8094}"
	ProjectSection(ProjectDependencies) = postProject
		{18F07694-FC61-4C07-9650-189E329972B2} = {18F07694-FC61-4C07-9650-189E329972B2}
	EndProjectSection
EndProject
Project("{8BC9CEB8-8B4A-11D0-8D11-00A0C91BC942}") = "NetworkKitDLL", "..\build\vc80\NetworkKit\NetworkKitDLL_vc80.vcproj", "{B4119C21-7E30-4967-91CC-8E0B3482EA4E}"
	ProjectSection(ProjectDependencies) = postProject
		{49ECCC34-695D-472F-BE5F-1E2FC4FDCECD} = {49ECCC34-695D-472F-BE5F-1E2FC4FDCECD}
	EndProjectSection
EndProject
Project("{8BC9CEB8-8B4A-11D0-8D11-00A0C91BC942}") = "OpenGLKit", "..\build\vc80\OpenGLKit\OpenGLKit_vc80.vcproj", "{3D84EA17-78FF-4A20-9AB4-0A0C01702DBA}"
	ProjectSection(ProjectDependencies) = postProject
		{FB6EE931-23D6-4A12-8A22-3BC354267563} = {FB6EE931-23D6-4A12-8A22-3BC354267563}
	EndProjectSection
EndProject
Project("{8BC9CEB8-8B4A-11D0-8D11-00A0C91BC942}") = "OpenGLKitDLL", "..\build\vc80\OpenGLKit\OpenGLKitDLL_vc80.vcproj", "{F57A4951-0FB4-44A8-B085-0EE25C6451BF}"
	ProjectSection(ProjectDependencies) = postProject
		{AE86332F-2E64-460B-8363-C502DE1BBFB3} = {AE86332F-2E64-460B-8363-C502DE1BBFB3}
	EndProjectSection
EndProject
Project("{8BC9CEB8-8B4A-11D0-8D11-00A0C91BC942}") = "OpenGLShapes", "OpenGLShapes\OpenGLShapes_vc80.vcproj", "{9884820A-2E0A-4266-A6CC-A13F83BB0256}"
EndProject
Project("{8BC9CEB8-8B4A-11D0-8D11-00A0C91BC942}") = "ParticleEditor", "ParticleEditor\ParticleEditor_vc80.vcproj", "{0162E66E-B8A0-4024-A6A2-F7557DE4F3EF}"
EndProject
Project("{8BC9CEB8-8B4A-11D0-8D11-00A0C91BC942}") = "Printing", "Printing\Printing_vc80.vcproj", "{1B4E9CD1-3F83-48BE-834C-F198B268CC0E}"
EndProject
Project("{8BC9CEB8-8B4A-11D0-8D11-00A0C91BC942}") = "Processes", "Processes\Processes_vc80.vcproj", "{7E757B5C-4EC5-4A33-8278-29EB0FA5035C}"
EndProject
Project("{8BC9CEB8-8B4A-11D0-8D11-00A0C91BC942}") = "ProgressBars", "ProgressBars\ProgressBars_vc80.vcproj", "{189E3581-6C65-4F92-A529-ACB38C354FB1}"
EndProject
Project("{8BC9CEB8-8B4A-11D0-8D11-00A0C91BC942}") = "QTPlayer", "QTPlayer\QTPlayer_vc80.vcproj", "{10E89C30-9CA8-4AF2-A8EA-A49C40B989E2}"
EndProject
Project("{8BC9CEB8-8B4A-11D0-8D11-00A0C91BC942}") = "Reflection", "Reflection\Reflection_vc80.vcproj", "{332FC043-62D6-42D0-8AB9-BFC087DD9E39}"
EndProject
Project("{8BC9CEB8-8B4A-11D0-8D11-00A0C91BC942}") = "RemoteObjectKit", "..\build\vc80\RemoteObjectKit\RemoteObjectKit_vc80.vcproj", "{86B5EE3A-638C-481A-9869-4230FC112429}"
	ProjectSection(ProjectDependencies) = postProject
		{B4119C21-7E30-4967-91CC-8E0B3482EA4E} = {B4119C21-7E30-4967-91CC-8E0B3482EA4E}
	EndProjectSection
EndProject
Project("{8BC9CEB8-8B4A-11D0-8D11-00A0C91BC942}") = "RemoteObjectKitStatic", "..\build\vc80\RemoteObjectKit\RemoteObjectKitStatic_vc80.vcproj", "{1012D59E-6477-4541-9ECC-D6C295DA8D9E}"
	ProjectSection(ProjectDependencies) = postProject
		{BD53C24C-C67B-4B24-A05F-4A1BBE5A8094} = {BD53C24C-C67B-4B24-A05F-4A1BBE5A8094}
	EndProjectSection
EndProject
Project("{8BC9CEB8-8B4A-11D0-8D11-00A0C91BC942}") = "Resources", "Resources\Resources_vc80.vcproj", "{77578375-D531-4488-AB2A-6A56E0DE965D}"
EndProject
Project("{8BC9CEB8-8B4A-11D0-8D11-00A0C91BC942}") = "RunLoops", "RunLoops\RunLoops_vc80.vcproj", "{355E743B-E4B1-4530-99D3-E93AB85060D9}"
EndProject
Project("{8BC9CEB8-8B4A-11D0-8D11-00A0C91BC942}") = "Scrolling", "Scrolling\Scrolling_vc80.vcproj", "{70F48013-0D78-4752-B312-070EF2BB95BB}"
EndProject
Project("{8BC9CEB8-8B4A-11D0-8D11-00A0C91BC942}") = "Scrolling2", "Scrolling2\Scrolling2_vc80.vcproj", "{2A82503B-20FA-47E4-8567-7BF68158A077}"
EndProject
Project("{8BC9CEB8-8B4A-11D0-8D11-00A0C91BC942}") = "SharedLibraries", "SharedLibraries\SharedLibraries_vc80.vcproj", "{11AFB61E-3780-4CBF-92D0-1054F42405F5}"
EndProject
Project("{8BC9CEB8-8B4A-11D0-8D11-00A0C91BC942}") = "SketchIt", "SketchIt\SketchIt_vc80.vcproj", "{9DE96AB4-297F-4AA9-8CA6-A10CFDDFC440}"
EndProject
Project("{8BC9CEB8-8B4A-11D0-8D11-00A0C91BC942}") = "Sliders", "Sliders\Sliders_vc80.vcproj", "{4348087D-8C97-460D-B8D4-DB563AE00877}"
EndProject
Project("{8BC9CEB8-8B4A-11D0-8D11-00A0C91BC942}") = "Splitters", "Splitters\Splitters_vc80.vcproj", "{8460C7F0-C8C2-4BA2-B0BB-1B8AA29DE6DC}"
EndProject
Project("{8BC9CEB8-8B4A-11D0-8D11-00A0C91BC942}") = "Strings", "Strings\Strings_vc80.vcproj", "{5982EE7A-8ECB-47BC-8FEC-6389B9313FEF}"
EndProject
Project("{8BC9CEB8-8B4A-11D0-8D11-00A0C91BC942}") = "StrokesAndFills", "StrokesAndFills\StrokesAndFills_vc80.vcproj", "{9EA10687-408D-4FC3-AC77-0E20EF806AE6}"
EndProject
Project("{8BC9CEB8-8B4A-11D0-8D11-00A0C91BC942}") = "SysTray", "SysTray\SysTray_vc80.vcproj", "{0581BAFE-499E-4E70-84DD-1573FAA756EB}"
EndProject
Project("{8BC9CEB8-8B4A-11D0-8D11-00A0C91BC942}") = "Tables", "Tables\Tables_vc80.vcproj", "{8B27425F-6D24-47B4-8CA5-D0E24536C413}"
EndProject
Project("{8BC9CEB8-8B4A-11D0-8D11-00A0C91BC942}") = "TeXLabel", "TeXLabel\TeXLabel_vc80.vcproj", "{E3FE41E9-50EC-48BC-A0B2-BE87D923889C}"
EndProject
Project("{8BC9CEB8-8B4A-11D0-8D11-00A0C91BC942}") = "TextEdit", "TextEdit\TextEdit_vc80.vcproj", "{45EEEC3E-9566-4EF7-A043-FAD88B9B5567}"
EndProject
Project("{8BC9CEB8-8B4A-11D0-8D11-00A0C91BC942}") = "TextLayout", "TextLayout\TextLayout_vc80.vcproj", "{007D9B8E-1887-4F39-BD61-2A50893161E1}"
EndProject
Project("{8BC9CEB8-8B4A-11D0-8D11-00A0C91BC942}") = "Themes", "Themes\Themes_vc80.vcproj", "{0EF644A1-D579-4185-8E04-B3F95AF29DC7}"
EndProject
Project("{8BC9CEB8-8B4A-11D0-8D11-00A0C91BC942}") = "ThreadBasics", "ThreadBasics\ThreadBasics_vc80.vcproj", "{BE4CCE5B-E864-400C-996C-CC8D3CF3A33E}"
EndProject
Project("{8BC9CEB8-8B4A-11D0-8D11-00A0C91BC942}") = "ThreadsInGUI", "ThreadsInGUI\ThreadsInGUI_vc80.vcproj", "{87CB044D-9C4D-48A1-A754-63C31EB8BEF8}"
EndProject
Project("{8BC9CEB8-8B4A-11D0-8D11-00A0C91BC942}") = "Toolbars", "Toolbars\Toolbars_vc80.vcproj", "{D59F5B99-8160-4344-8DFA-9C4A1DE1D4F0}"
EndProject
Project("{8BC9CEB8-8B4A-11D0-8D11-00A0C91BC942}") = "Tooltips", "Tooltips\Tooltips_vc80.vcproj", "{7B69D174-3429-4F18-99A8-35E238C68FEB}"
EndProject
Project("{8BC9CEB8-8B4A-11D0-8D11-00A0C91BC942}") = "Transformations", "Transformations\Transformations_vc80.vcproj", "{DEF80C5B-5492-4CDA-8265-D649172880F3}"
EndProject
Project("{8BC9CEB8-8B4A-11D0-8D11-00A0C91BC942}") = "TreeListControls", "TreeListControls\TreeListControls_vc80.vcproj", "{471607B1-ECD2-4048-8DBC-678BF124A603}"
EndProject
Project("{8BC9CEB8-8B4A-11D0-8D11-00A0C91BC942}") = "Variants", "Variants\Variants_vc80.vcproj", "{74EEA0FC-E720-4AEE-8627-92CD81A35FF1}"
EndProject
Project("{8BC9CEB8-8B4A-11D0-8D11-00A0C91BC942}") = "VisualFormFiles", "VisualFormFiles\VisualFormFiles_vc80.vcproj", "{E8722E55-93D2-4ED1-A5C4-C045E59A2609}"
EndProject
Project("{8BC9CEB8-8B4A-11D0-8D11-00A0C91BC942}") = "WorkingWithEnumerators", "WorkingWithEnumerators\WorkingWithEnumerators_vc80.vcproj", "{182151C8-6A51-499B-B604-56918A9E18AD}"
EndProject
Project("{8BC9CEB8-8B4A-11D0-8D11-00A0C91BC942}") = "libAGG", "..\build\vc80\GraphicsKit\libAGG_vc80.vcproj", "{9C900D7C-DDE4-4E0F-B5DE-A326C39607DC}"
EndProject
Global
	GlobalSection(SolutionConfigurationPlatforms) = preSolution
		Debug|Win32 = Debug|Win32
		Generate YY and LL files|Win32 = Generate YY and LL files|Win32
		Release|Win32 = Release|Win32
	EndGlobalSection
	GlobalSection(ProjectConfigurationPlatforms) = postSolution
		{B562B243-DE36-4AF0-98A1-C834F2460C30}.Debug|Win32.ActiveCfg = Debug|Win32
		{B562B243-DE36-4AF0-98A1-C834F2460C30}.Generate YY and LL files|Win32.ActiveCfg = Release|Win32
		{B562B243-DE36-4AF0-98A1-C834F2460C30}.Release|Win32.ActiveCfg = Release|Win32
		{5FDE7645-18AB-4B91-A5A6-709E73B3D293}.Debug|Win32.ActiveCfg = Debug|Win32
		{5FDE7645-18AB-4B91-A5A6-709E73B3D293}.Generate YY and LL files|Win32.ActiveCfg = Release|Win32
		{5FDE7645-18AB-4B91-A5A6-709E73B3D293}.Release|Win32.ActiveCfg = Release|Win32
		{B37FF77E-B3CC-43D4-AE50-FEBD3865D8F2}.Debug|Win32.ActiveCfg = Debug|Win32
		{B37FF77E-B3CC-43D4-AE50-FEBD3865D8F2}.Generate YY and LL files|Win32.ActiveCfg = Release|Win32
		{B37FF77E-B3CC-43D4-AE50-FEBD3865D8F2}.Release|Win32.ActiveCfg = Release|Win32
		{E88B35E8-8F56-4B04-821E-551E06F796F8}.Debug|Win32.ActiveCfg = Debug|Win32
		{E88B35E8-8F56-4B04-821E-551E06F796F8}.Generate YY and LL files|Win32.ActiveCfg = Debug|Win32
		{E88B35E8-8F56-4B04-821E-551E06F796F8}.Release|Win32.ActiveCfg = Release|Win32
		{394527AD-1107-4E30-938F-4EDA937A208A}.Debug|Win32.ActiveCfg = Debug|Win32
		{394527AD-1107-4E30-938F-4EDA937A208A}.Generate YY and LL files|Win32.ActiveCfg = Debug|Win32
		{394527AD-1107-4E30-938F-4EDA937A208A}.Release|Win32.ActiveCfg = Release|Win32
		{BC21E3C9-58BE-41D9-8DFB-165D95232B05}.Debug|Win32.ActiveCfg = Debug|Win32
		{BC21E3C9-58BE-41D9-8DFB-165D95232B05}.Generate YY and LL files|Win32.ActiveCfg = Debug|Win32
		{BC21E3C9-58BE-41D9-8DFB-165D95232B05}.Release|Win32.ActiveCfg = Release|Win32
		{CAA78287-6015-4ED0-9DC3-A3BBDBBA1CD0}.Debug|Win32.ActiveCfg = Debug|Win32
		{CAA78287-6015-4ED0-9DC3-A3BBDBBA1CD0}.Generate YY and LL files|Win32.ActiveCfg = Debug|Win32
		{CAA78287-6015-4ED0-9DC3-A3BBDBBA1CD0}.Release|Win32.ActiveCfg = Release|Win32
		{2CBA1118-6D5E-4405-9EA5-4D49129AC169}.Debug|Win32.ActiveCfg = Debug|Win32
		{2CBA1118-6D5E-4405-9EA5-4D49129AC169}.Generate YY and LL files|Win32.ActiveCfg = Debug|Win32
		{2CBA1118-6D5E-4405-9EA5-4D49129AC169}.Release|Win32.ActiveCfg = Release|Win32
		{FB6EE931-23D6-4A12-8A22-3BC354267563}.Debug|Win32.ActiveCfg = Debug|Win32
		{FB6EE931-23D6-4A12-8A22-3BC354267563}.Generate YY and LL files|Win32.ActiveCfg = Debug|Win32
		{FB6EE931-23D6-4A12-8A22-3BC354267563}.Release|Win32.ActiveCfg = Release|Win32
		{AE86332F-2E64-460B-8363-C502DE1BBFB3}.Debug|Win32.ActiveCfg = Debug|Win32
		{AE86332F-2E64-460B-8363-C502DE1BBFB3}.Debug|Win32.Build.0 = Debug|Win32
		{AE86332F-2E64-460B-8363-C502DE1BBFB3}.Generate YY and LL files|Win32.ActiveCfg = Release|Win32
		{AE86332F-2E64-460B-8363-C502DE1BBFB3}.Release|Win32.ActiveCfg = Release|Win32
		{D5DD97A8-79CA-4521-A493-F77A1552891D}.Debug|Win32.ActiveCfg = Debug|Win32
		{D5DD97A8-79CA-4521-A493-F77A1552891D}.Generate YY and LL files|Win32.ActiveCfg = Debug|Win32
		{D5DD97A8-79CA-4521-A493-F77A1552891D}.Release|Win32.ActiveCfg = Release|Win32
		{A0FFF5F4-47E4-46FD-8CAD-C4F22E0CE545}.Debug|Win32.ActiveCfg = Debug|Win32
		{A0FFF5F4-47E4-46FD-8CAD-C4F22E0CE545}.Generate YY and LL files|Win32.ActiveCfg = Release|Win32
		{A0FFF5F4-47E4-46FD-8CAD-C4F22E0CE545}.Release|Win32.ActiveCfg = Release|Win32
		{649358FA-164A-42CA-8E2F-9054B28B5A9E}.Debug|Win32.ActiveCfg = Debug|Win32
		{649358FA-164A-42CA-8E2F-9054B28B5A9E}.Generate YY and LL files|Win32.ActiveCfg = Release|Win32
		{649358FA-164A-42CA-8E2F-9054B28B5A9E}.Release|Win32.ActiveCfg = Release|Win32
		{AD289448-96C5-481E-AE5E-1DAC66593FCC}.Debug|Win32.ActiveCfg = Debug|Win32
		{AD289448-96C5-481E-AE5E-1DAC66593FCC}.Generate YY and LL files|Win32.ActiveCfg = Release|Win32
		{AD289448-96C5-481E-AE5E-1DAC66593FCC}.Release|Win32.ActiveCfg = Release|Win32
		{11F87A5E-1C98-4279-ADEF-5F4E4EAFA657}.Debug|Win32.ActiveCfg = Debug|Win32
		{11F87A5E-1C98-4279-ADEF-5F4E4EAFA657}.Generate YY and LL files|Win32.ActiveCfg = Debug|Win32
		{11F87A5E-1C98-4279-ADEF-5F4E4EAFA657}.Release|Win32.ActiveCfg = Release|Win32
		{108BBE68-391C-4026-931D-E964B2A6D5F0}.Debug|Win32.ActiveCfg = Debug|Win32
		{108BBE68-391C-4026-931D-E964B2A6D5F0}.Generate YY and LL files|Win32.ActiveCfg = Release|Win32
		{108BBE68-391C-4026-931D-E964B2A6D5F0}.Release|Win32.ActiveCfg = Release|Win32
		{6B9FA509-DFAE-4FE1-897A-14A8C21C100D}.Debug|Win32.ActiveCfg = Debug|Win32
		{6B9FA509-DFAE-4FE1-897A-14A8C21C100D}.Generate YY and LL files|Win32.ActiveCfg = Debug|Win32
		{6B9FA509-DFAE-4FE1-897A-14A8C21C100D}.Release|Win32.ActiveCfg = Release|Win32
		{D6A7A039-A854-468E-A3A1-4D9349E02C8D}.Debug|Win32.ActiveCfg = Debug|Win32
		{D6A7A039-A854-468E-A3A1-4D9349E02C8D}.Generate YY and LL files|Win32.ActiveCfg = Debug|Win32
		{D6A7A039-A854-468E-A3A1-4D9349E02C8D}.Release|Win32.ActiveCfg = Release|Win32
		{9C994545-14FB-4A54-B5BD-9F3EC6B74DDC}.Debug|Win32.ActiveCfg = Debug|Win32
		{9C994545-14FB-4A54-B5BD-9F3EC6B74DDC}.Generate YY and LL files|Win32.ActiveCfg = Debug|Win32
		{9C994545-14FB-4A54-B5BD-9F3EC6B74DDC}.Release|Win32.ActiveCfg = Release|Win32
		{042D2725-EB72-45B0-96C0-901E97B46E2A}.Debug|Win32.ActiveCfg = Debug|Win32
		{042D2725-EB72-45B0-96C0-901E97B46E2A}.Generate YY and LL files|Win32.ActiveCfg = Debug|Win32
		{042D2725-EB72-45B0-96C0-901E97B46E2A}.Release|Win32.ActiveCfg = Release|Win32
		{74B5D7F3-5CA6-4DBA-86BE-74E2AB6D16B5}.Debug|Win32.ActiveCfg = Debug|Win32
		{74B5D7F3-5CA6-4DBA-86BE-74E2AB6D16B5}.Generate YY and LL files|Win32.ActiveCfg = Release|Win32
		{74B5D7F3-5CA6-4DBA-86BE-74E2AB6D16B5}.Release|Win32.ActiveCfg = Release|Win32
		{8125DC70-D816-44BD-866A-3A8A32487B8C}.Debug|Win32.ActiveCfg = Debug|Win32
		{8125DC70-D816-44BD-866A-3A8A32487B8C}.Generate YY and LL files|Win32.ActiveCfg = Release|Win32
		{8125DC70-D816-44BD-866A-3A8A32487B8C}.Release|Win32.ActiveCfg = Release|Win32
		{1AA0114C-624B-4B68-B468-21450E3BC575}.Debug|Win32.ActiveCfg = Debug|Win32
		{1AA0114C-624B-4B68-B468-21450E3BC575}.Generate YY and LL files|Win32.ActiveCfg = Release|Win32
		{1AA0114C-624B-4B68-B468-21450E3BC575}.Release|Win32.ActiveCfg = Release|Win32
		{5A5D1418-7276-4B48-A075-D745546899B9}.Debug|Win32.ActiveCfg = Debug|Win32
		{5A5D1418-7276-4B48-A075-D745546899B9}.Generate YY and LL files|Win32.ActiveCfg = Debug|Win32
		{5A5D1418-7276-4B48-A075-D745546899B9}.Release|Win32.ActiveCfg = Release|Win32
		{1222A5B4-4FCB-4829-B371-3A79F7C1F60B}.Debug|Win32.ActiveCfg = Debug|Win32
		{1222A5B4-4FCB-4829-B371-3A79F7C1F60B}.Generate YY and LL files|Win32.ActiveCfg = Release|Win32
		{1222A5B4-4FCB-4829-B371-3A79F7C1F60B}.Release|Win32.ActiveCfg = Release|Win32
		{C4327FCE-220F-44CE-913F-94976F67D54C}.Debug|Win32.ActiveCfg = Debug|Win32
		{C4327FCE-220F-44CE-913F-94976F67D54C}.Generate YY and LL files|Win32.ActiveCfg = Release|Win32
		{C4327FCE-220F-44CE-913F-94976F67D54C}.Release|Win32.ActiveCfg = Release|Win32
		{6526562B-25C4-4FBC-BE95-78B698DB3DF2}.Debug|Win32.ActiveCfg = Debug|Win32
		{6526562B-25C4-4FBC-BE95-78B698DB3DF2}.Generate YY and LL files|Win32.ActiveCfg = Release|Win32
		{6526562B-25C4-4FBC-BE95-78B698DB3DF2}.Release|Win32.ActiveCfg = Release|Win32
		{D4175FEA-2EAB-410F-9B1F-D59F400930CE}.Debug|Win32.ActiveCfg = Debug|Win32
		{D4175FEA-2EAB-410F-9B1F-D59F400930CE}.Generate YY and LL files|Win32.ActiveCfg = Release|Win32
		{D4175FEA-2EAB-410F-9B1F-D59F400930CE}.Release|Win32.ActiveCfg = Release|Win32
		{952C1EC3-A1A8-4F5C-A191-07DB4011FA2D}.Debug|Win32.ActiveCfg = Debug|Win32
		{952C1EC3-A1A8-4F5C-A191-07DB4011FA2D}.Generate YY and LL files|Win32.ActiveCfg = Debug|Win32
		{952C1EC3-A1A8-4F5C-A191-07DB4011FA2D}.Release|Win32.ActiveCfg = Release|Win32
		{18F07694-FC61-4C07-9650-189E329972B2}.Debug|Win32.ActiveCfg = Debug|Win32
		{18F07694-FC61-4C07-9650-189E329972B2}.Generate YY and LL files|Win32.ActiveCfg = Release|Win32
		{18F07694-FC61-4C07-9650-189E329972B2}.Release|Win32.ActiveCfg = Release|Win32
		{49ECCC34-695D-472F-BE5F-1E2FC4FDCECD}.Debug|Win32.ActiveCfg = Debug|Win32
		{49ECCC34-695D-472F-BE5F-1E2FC4FDCECD}.Debug|Win32.Build.0 = Debug|Win32
		{49ECCC34-695D-472F-BE5F-1E2FC4FDCECD}.Generate YY and LL files|Win32.ActiveCfg = Release|Win32
		{49ECCC34-695D-472F-BE5F-1E2FC4FDCECD}.Release|Win32.ActiveCfg = Release|Win32
		{ADC0FB26-2C44-4D96-AB5B-80709E603666}.Debug|Win32.ActiveCfg = Debug|Win32
		{ADC0FB26-2C44-4D96-AB5B-80709E603666}.Generate YY and LL files|Win32.ActiveCfg = Debug|Win32
		{ADC0FB26-2C44-4D96-AB5B-80709E603666}.Release|Win32.ActiveCfg = Release|Win32
		{56983BCD-AEBE-4144-ADD5-461EB3222B1C}.Debug|Win32.ActiveCfg = Debug|Win32
		{56983BCD-AEBE-4144-ADD5-461EB3222B1C}.Generate YY and LL files|Win32.ActiveCfg = Debug|Win32
		{56983BCD-AEBE-4144-ADD5-461EB3222B1C}.Release|Win32.ActiveCfg = Release|Win32
		{FC6F4770-9489-42E5-A96C-E04CD475A850}.Debug|Win32.ActiveCfg = Debug|Win32
		{FC6F4770-9489-42E5-A96C-E04CD475A850}.Generate YY and LL files|Win32.ActiveCfg = Release|Win32
		{FC6F4770-9489-42E5-A96C-E04CD475A850}.Release|Win32.ActiveCfg = Release|Win32
		{505E7AE6-3414-4D22-9BE7-87EC093FED53}.Debug|Win32.ActiveCfg = Debug|Win32
		{505E7AE6-3414-4D22-9BE7-87EC093FED53}.Generate YY and LL files|Win32.ActiveCfg = Debug|Win32
		{505E7AE6-3414-4D22-9BE7-87EC093FED53}.Release|Win32.ActiveCfg = Release|Win32
		{B68A433E-59B4-41A2-9243-AF448A3F7BAD}.Debug|Win32.ActiveCfg = Debug|Win32
		{B68A433E-59B4-41A2-9243-AF448A3F7BAD}.Debug|Win32.Build.0 = Debug|Win32
		{B68A433E-59B4-41A2-9243-AF448A3F7BAD}.Generate YY and LL files|Win32.ActiveCfg = Release|Win32
		{B68A433E-59B4-41A2-9243-AF448A3F7BAD}.Release|Win32.ActiveCfg = Release|Win32
		{37828CFC-766C-4EB6-AA88-438F963055F1}.Debug|Win32.ActiveCfg = Debug|Win32
		{37828CFC-766C-4EB6-AA88-438F963055F1}.Generate YY and LL files|Win32.ActiveCfg = Release|Win32
		{37828CFC-766C-4EB6-AA88-438F963055F1}.Release|Win32.ActiveCfg = Release|Win32
		{A0CB95D9-CDF6-4D02-BBA0-EEC6631FE44F}.Debug|Win32.ActiveCfg = Debug|Win32
		{A0CB95D9-CDF6-4D02-BBA0-EEC6631FE44F}.Generate YY and LL files|Win32.ActiveCfg = Release|Win32
		{A0CB95D9-CDF6-4D02-BBA0-EEC6631FE44F}.Release|Win32.ActiveCfg = Release|Win32
		{7BD28D37-9A7B-49BC-AD35-745F9EAFD02D}.Debug|Win32.ActiveCfg = Debug|Win32
		{7BD28D37-9A7B-49BC-AD35-745F9EAFD02D}.Generate YY and LL files|Win32.ActiveCfg = Release|Win32
		{7BD28D37-9A7B-49BC-AD35-745F9EAFD02D}.Release|Win32.ActiveCfg = Release|Win32
		{EF7E0952-7CF1-4E45-8F58-0327560DC634}.Debug|Win32.ActiveCfg = Debug|Win32
		{EF7E0952-7CF1-4E45-8F58-0327560DC634}.Generate YY and LL files|Win32.ActiveCfg = Release|Win32
		{EF7E0952-7CF1-4E45-8F58-0327560DC634}.Release|Win32.ActiveCfg = Release|Win32
		{D51A53FE-81C0-4615-ACA2-AFBA2687E651}.Debug|Win32.ActiveCfg = Debug|Win32
		{D51A53FE-81C0-4615-ACA2-AFBA2687E651}.Generate YY and LL files|Win32.ActiveCfg = Debug|Win32
		{D51A53FE-81C0-4615-ACA2-AFBA2687E651}.Release|Win32.ActiveCfg = Release|Win32
		{90BC32F8-321B-4E39-AA9B-5E6EB2600242}.Debug|Win32.ActiveCfg = Debug|Win32
		{90BC32F8-321B-4E39-AA9B-5E6EB2600242}.Generate YY and LL files|Win32.ActiveCfg = Release|Win32
		{90BC32F8-321B-4E39-AA9B-5E6EB2600242}.Release|Win32.ActiveCfg = Release|Win32
		{69ADC0FE-EF6F-4064-B64A-A90E661585CB}.Debug|Win32.ActiveCfg = Debug|Win32
		{69ADC0FE-EF6F-4064-B64A-A90E661585CB}.Generate YY and LL files|Win32.ActiveCfg = Debug|Win32
		{69ADC0FE-EF6F-4064-B64A-A90E661585CB}.Release|Win32.ActiveCfg = Release|Win32
		{1209F0D2-B233-4E65-8AF7-2C181C9B843B}.Debug|Win32.ActiveCfg = Debug|Win32
		{1209F0D2-B233-4E65-8AF7-2C181C9B843B}.Generate YY and LL files|Win32.ActiveCfg = Release|Win32
		{1209F0D2-B233-4E65-8AF7-2C181C9B843B}.Release|Win32.ActiveCfg = Release|Win32
		{E749C8D5-1783-48DD-97A5-16FFFC694855}.Debug|Win32.ActiveCfg = Debug|Win32
		{E749C8D5-1783-48DD-97A5-16FFFC694855}.Generate YY and LL files|Win32.ActiveCfg = Release|Win32
		{E749C8D5-1783-48DD-97A5-16FFFC694855}.Release|Win32.ActiveCfg = Release|Win32
		{2E3FB6D7-F10E-4B17-A11C-6FC6378D1C97}.Debug|Win32.ActiveCfg = Debug|Win32
		{2E3FB6D7-F10E-4B17-A11C-6FC6378D1C97}.Generate YY and LL files|Win32.ActiveCfg = Debug|Win32
		{2E3FB6D7-F10E-4B17-A11C-6FC6378D1C97}.Release|Win32.ActiveCfg = Release|Win32
		{177137B4-88BC-4398-ACC0-91DC097AA54D}.Debug|Win32.ActiveCfg = Debug|Win32
		{177137B4-88BC-4398-ACC0-91DC097AA54D}.Generate YY and LL files|Win32.ActiveCfg = Release|Win32
		{177137B4-88BC-4398-ACC0-91DC097AA54D}.Release|Win32.ActiveCfg = Release|Win32
		{298C4E5D-293B-43FC-A61F-BF33596B5637}.Debug|Win32.ActiveCfg = Debug|Win32
		{298C4E5D-293B-43FC-A61F-BF33596B5637}.Debug|Win32.Build.0 = Debug|Win32
		{298C4E5D-293B-43FC-A61F-BF33596B5637}.Generate YY and LL files|Win32.ActiveCfg = Release|Win32
		{298C4E5D-293B-43FC-A61F-BF33596B5637}.Release|Win32.ActiveCfg = Release|Win32
		{DDD77842-B01B-4154-9209-8F8432332466}.Debug|Win32.ActiveCfg = Debug|Win32
		{DDD77842-B01B-4154-9209-8F8432332466}.Generate YY and LL files|Win32.ActiveCfg = Release|Win32
		{DDD77842-B01B-4154-9209-8F8432332466}.Release|Win32.ActiveCfg = Release|Win32
		{5629470C-BB30-4D55-BBA7-62EA2EB1191D}.Debug|Win32.ActiveCfg = Debug|Win32
		{5629470C-BB30-4D55-BBA7-62EA2EB1191D}.Generate YY and LL files|Win32.ActiveCfg = Release|Win32
		{5629470C-BB30-4D55-BBA7-62EA2EB1191D}.Release|Win32.ActiveCfg = Release|Win32
		{F7805A0E-D8F4-4B76-8569-70383CC6F85C}.Debug|Win32.ActiveCfg = Debug|Win32
		{F7805A0E-D8F4-4B76-8569-70383CC6F85C}.Generate YY and LL files|Win32.ActiveCfg = Release|Win32
		{F7805A0E-D8F4-4B76-8569-70383CC6F85C}.Release|Win32.ActiveCfg = Release|Win32
		{98C21396-FBC9-40BA-A847-E26BCBE79994}.Debug|Win32.ActiveCfg = Debug|Win32
		{98C21396-FBC9-40BA-A847-E26BCBE79994}.Generate YY and LL files|Win32.ActiveCfg = Release|Win32
		{98C21396-FBC9-40BA-A847-E26BCBE79994}.Release|Win32.ActiveCfg = Release|Win32
		{2DB85331-C153-41D1-A653-275B0E2A0B4C}.Debug|Win32.ActiveCfg = Debug|Win32
		{2DB85331-C153-41D1-A653-275B0E2A0B4C}.Generate YY and LL files|Win32.ActiveCfg = Debug|Win32
		{2DB85331-C153-41D1-A653-275B0E2A0B4C}.Release|Win32.ActiveCfg = Release|Win32
		{FFEAC7AB-E3C6-479B-B679-BDABAD3F3AA2}.Debug|Win32.ActiveCfg = Debug|Win32
		{FFEAC7AB-E3C6-479B-B679-BDABAD3F3AA2}.Generate YY and LL files|Win32.ActiveCfg = Release|Win32
		{FFEAC7AB-E3C6-479B-B679-BDABAD3F3AA2}.Release|Win32.ActiveCfg = Release|Win32
		{BE9000B0-02E5-4768-8ADD-4B2177CC7988}.Debug|Win32.ActiveCfg = Debug|Win32
		{BE9000B0-02E5-4768-8ADD-4B2177CC7988}.Generate YY and LL files|Win32.ActiveCfg = Release|Win32
		{BE9000B0-02E5-4768-8ADD-4B2177CC7988}.Release|Win32.ActiveCfg = Release|Win32
		{8F6CF3DB-FC3A-4936-8E6B-A7C6AB78423D}.Debug|Win32.ActiveCfg = Debug|Win32
		{8F6CF3DB-FC3A-4936-8E6B-A7C6AB78423D}.Generate YY and LL files|Win32.ActiveCfg = Debug|Win32
		{8F6CF3DB-FC3A-4936-8E6B-A7C6AB78423D}.Release|Win32.ActiveCfg = Release|Win32
		{BD53C24C-C67B-4B24-A05F-4A1BBE5A8094}.Debug|Win32.ActiveCfg = Debug|Win32
		{BD53C24C-C67B-4B24-A05F-4A1BBE5A8094}.Generate YY and LL files|Win32.ActiveCfg = Release|Win32
		{BD53C24C-C67B-4B24-A05F-4A1BBE5A8094}.Release|Win32.ActiveCfg = Release|Win32
		{B4119C21-7E30-4967-91CC-8E0B3482EA4E}.Debug|Win32.ActiveCfg = Debug|Win32
		{B4119C21-7E30-4967-91CC-8E0B3482EA4E}.Generate YY and LL files|Win32.ActiveCfg = Debug|Win32
		{B4119C21-7E30-4967-91CC-8E0B3482EA4E}.Release|Win32.ActiveCfg = Release|Win32
		{3D84EA17-78FF-4A20-9AB4-0A0C01702DBA}.Debug|Win32.ActiveCfg = Debug|Win32
		{3D84EA17-78FF-4A20-9AB4-0A0C01702DBA}.Generate YY and LL files|Win32.ActiveCfg = Debug|Win32
		{3D84EA17-78FF-4A20-9AB4-0A0C01702DBA}.Release|Win32.ActiveCfg = Release|Win32
		{F57A4951-0FB4-44A8-B085-0EE25C6451BF}.Debug|Win32.ActiveCfg = Debug|Win32
		{F57A4951-0FB4-44A8-B085-0EE25C6451BF}.Generate YY and LL files|Win32.ActiveCfg = Debug|Win32
		{F57A4951-0FB4-44A8-B085-0EE25C6451BF}.Release|Win32.ActiveCfg = Release|Win32
		{9884820A-2E0A-4266-A6CC-A13F83BB0256}.Debug|Win32.ActiveCfg = Debug|Win32
		{9884820A-2E0A-4266-A6CC-A13F83BB0256}.Generate YY and LL files|Win32.ActiveCfg = Release|Win32
		{9884820A-2E0A-4266-A6CC-A13F83BB0256}.Release|Win32.ActiveCfg = Release|Win32
		{0162E66E-B8A0-4024-A6A2-F7557DE4F3EF}.Debug|Win32.ActiveCfg = Debug|Win32
		{0162E66E-B8A0-4024-A6A2-F7557DE4F3EF}.Generate YY and LL files|Win32.ActiveCfg = Debug|Win32
		{0162E66E-B8A0-4024-A6A2-F7557DE4F3EF}.Release|Win32.ActiveCfg = Release|Win32
		{1B4E9CD1-3F83-48BE-834C-F198B268CC0E}.Debug|Win32.ActiveCfg = Debug|Win32
		{1B4E9CD1-3F83-48BE-834C-F198B268CC0E}.Generate YY and LL files|Win32.ActiveCfg = Debug|Win32
		{1B4E9CD1-3F83-48BE-834C-F198B268CC0E}.Release|Win32.ActiveCfg = Release|Win32
		{7E757B5C-4EC5-4A33-8278-29EB0FA5035C}.Debug|Win32.ActiveCfg = Debug|Win32
		{7E757B5C-4EC5-4A33-8278-29EB0FA5035C}.Generate YY and LL files|Win32.ActiveCfg = Debug|Win32
		{7E757B5C-4EC5-4A33-8278-29EB0FA5035C}.Release|Win32.ActiveCfg = Release|Win32
		{189E3581-6C65-4F92-A529-ACB38C354FB1}.Debug|Win32.ActiveCfg = Debug|Win32
		{189E3581-6C65-4F92-A529-ACB38C354FB1}.Generate YY and LL files|Win32.ActiveCfg = Debug|Win32
		{189E3581-6C65-4F92-A529-ACB38C354FB1}.Release|Win32.ActiveCfg = Release|Win32
		{10E89C30-9CA8-4AF2-A8EA-A49C40B989E2}.Debug|Win32.ActiveCfg = Debug|Win32
		{10E89C30-9CA8-4AF2-A8EA-A49C40B989E2}.Generate YY and LL files|Win32.ActiveCfg = Release|Win32
		{10E89C30-9CA8-4AF2-A8EA-A49C40B989E2}.Release|Win32.ActiveCfg = Release|Win32
		{332FC043-62D6-42D0-8AB9-BFC087DD9E39}.Debug|Win32.ActiveCfg = Debug|Win32
		{332FC043-62D6-42D0-8AB9-BFC087DD9E39}.Generate YY and LL files|Win32.ActiveCfg = Debug|Win32
		{332FC043-62D6-42D0-8AB9-BFC087DD9E39}.Release|Win32.ActiveCfg = Release|Win32
		{86B5EE3A-638C-481A-9869-4230FC112429}.Debug|Win32.ActiveCfg = Debug|Win32
		{86B5EE3A-638C-481A-9869-4230FC112429}.Generate YY and LL files|Win32.ActiveCfg = Release|Win32
		{86B5EE3A-638C-481A-9869-4230FC112429}.Release|Win32.ActiveCfg = Release|Win32
		{1012D59E-6477-4541-9ECC-D6C295DA8D9E}.Debug|Win32.ActiveCfg = Debug|Win32
		{1012D59E-6477-4541-9ECC-D6C295DA8D9E}.Generate YY and LL files|Win32.ActiveCfg = Debug|Win32
		{1012D59E-6477-4541-9ECC-D6C295DA8D9E}.Release|Win32.ActiveCfg = Release|Win32
		{77578375-D531-4488-AB2A-6A56E0DE965D}.Debug|Win32.ActiveCfg = Debug|Win32
		{77578375-D531-4488-AB2A-6A56E0DE965D}.Generate YY and LL files|Win32.ActiveCfg = Release|Win32
		{77578375-D531-4488-AB2A-6A56E0DE965D}.Release|Win32.ActiveCfg = Release|Win32
		{355E743B-E4B1-4530-99D3-E93AB85060D9}.Debug|Win32.ActiveCfg = Debug|Win32
		{355E743B-E4B1-4530-99D3-E93AB85060D9}.Generate YY and LL files|Win32.ActiveCfg = Release|Win32
		{355E743B-E4B1-4530-99D3-E93AB85060D9}.Release|Win32.ActiveCfg = Release|Win32
		{70F48013-0D78-4752-B312-070EF2BB95BB}.Debug|Win32.ActiveCfg = Debug|Win32
		{70F48013-0D78-4752-B312-070EF2BB95BB}.Generate YY and LL files|Win32.ActiveCfg = Debug|Win32
		{70F48013-0D78-4752-B312-070EF2BB95BB}.Release|Win32.ActiveCfg = Release|Win32
		{2A82503B-20FA-47E4-8567-7BF68158A077}.Debug|Win32.ActiveCfg = Debug|Win32
		{2A82503B-20FA-47E4-8567-7BF68158A077}.Generate YY and LL files|Win32.ActiveCfg = Debug|Win32
		{2A82503B-20FA-47E4-8567-7BF68158A077}.Release|Win32.ActiveCfg = Release|Win32
		{11AFB61E-3780-4CBF-92D0-1054F42405F5}.Debug|Win32.ActiveCfg = Debug|Win32
		{11AFB61E-3780-4CBF-92D0-1054F42405F5}.Generate YY and LL files|Win32.ActiveCfg = Release|Win32
		{11AFB61E-3780-4CBF-92D0-1054F42405F5}.Release|Win32.ActiveCfg = Release|Win32
		{9DE96AB4-297F-4AA9-8CA6-A10CFDDFC440}.Debug|Win32.ActiveCfg = Debug|Win32
		{9DE96AB4-297F-4AA9-8CA6-A10CFDDFC440}.Generate YY and LL files|Win32.ActiveCfg = Debug|Win32
		{9DE96AB4-297F-4AA9-8CA6-A10CFDDFC440}.Release|Win32.ActiveCfg = Release|Win32
		{4348087D-8C97-460D-B8D4-DB563AE00877}.Debug|Win32.ActiveCfg = Debug|Win32
		{4348087D-8C97-460D-B8D4-DB563AE00877}.Generate YY and LL files|Win32.ActiveCfg = Release|Win32
		{4348087D-8C97-460D-B8D4-DB563AE00877}.Release|Win32.ActiveCfg = Release|Win32
		{8460C7F0-C8C2-4BA2-B0BB-1B8AA29DE6DC}.Debug|Win32.ActiveCfg = Debug|Win32
		{8460C7F0-C8C2-4BA2-B0BB-1B8AA29DE6DC}.Generate YY and LL files|Win32.ActiveCfg = Debug|Win32
		{8460C7F0-C8C2-4BA2-B0BB-1B8AA29DE6DC}.Release|Win32.ActiveCfg = Release|Win32
		{5982EE7A-8ECB-47BC-8FEC-6389B9313FEF}.Debug|Win32.ActiveCfg = Debug|Win32
		{5982EE7A-8ECB-47BC-8FEC-6389B9313FEF}.Generate YY and LL files|Win32.ActiveCfg = Debug|Win32
		{5982EE7A-8ECB-47BC-8FEC-6389B9313FEF}.Release|Win32.ActiveCfg = Release|Win32
		{9EA10687-408D-4FC3-AC77-0E20EF806AE6}.Debug|Win32.ActiveCfg = Debug|Win32
		{9EA10687-408D-4FC3-AC77-0E20EF806AE6}.Generate YY and LL files|Win32.ActiveCfg = Release|Win32
		{9EA10687-408D-4FC3-AC77-0E20EF806AE6}.Release|Win32.ActiveCfg = Release|Win32
		{0581BAFE-499E-4E70-84DD-1573FAA756EB}.Debug|Win32.ActiveCfg = Debug|Win32
		{0581BAFE-499E-4E70-84DD-1573FAA756EB}.Generate YY and LL files|Win32.ActiveCfg = Release|Win32
		{0581BAFE-499E-4E70-84DD-1573FAA756EB}.Release|Win32.ActiveCfg = Release|Win32
		{8B27425F-6D24-47B4-8CA5-D0E24536C413}.Debug|Win32.ActiveCfg = Debug|Win32
		{8B27425F-6D24-47B4-8CA5-D0E24536C413}.Generate YY and LL files|Win32.ActiveCfg = Debug|Win32
		{8B27425F-6D24-47B4-8CA5-D0E24536C413}.Release|Win32.ActiveCfg = Release|Win32
		{E3FE41E9-50EC-48BC-A0B2-BE87D923889C}.Debug|Win32.ActiveCfg = Debug|Win32
		{E3FE41E9-50EC-48BC-A0B2-BE87D923889C}.Generate YY and LL files|Win32.ActiveCfg = Generate YY and LL files|Win32
		{E3FE41E9-50EC-48BC-A0B2-BE87D923889C}.Release|Win32.ActiveCfg = Release|Win32
		{45EEEC3E-9566-4EF7-A043-FAD88B9B5567}.Debug|Win32.ActiveCfg = Debug|Win32
		{45EEEC3E-9566-4EF7-A043-FAD88B9B5567}.Generate YY and LL files|Win32.ActiveCfg = Release|Win32
		{45EEEC3E-9566-4EF7-A043-FAD88B9B5567}.Release|Win32.ActiveCfg = Release|Win32
		{007D9B8E-1887-4F39-BD61-2A50893161E1}.Debug|Win32.ActiveCfg = Debug|Win32
		{007D9B8E-1887-4F39-BD61-2A50893161E1}.Generate YY and LL files|Win32.ActiveCfg = Debug|Win32
		{007D9B8E-1887-4F39-BD61-2A50893161E1}.Release|Win32.ActiveCfg = Release|Win32
		{0EF644A1-D579-4185-8E04-B3F95AF29DC7}.Debug|Win32.ActiveCfg = Debug|Win32
		{0EF644A1-D579-4185-8E04-B3F95AF29DC7}.Generate YY and LL files|Win32.ActiveCfg = Debug|Win32
		{0EF644A1-D579-4185-8E04-B3F95AF29DC7}.Release|Win32.ActiveCfg = Release|Win32
		{BE4CCE5B-E864-400C-996C-CC8D3CF3A33E}.Debug|Win32.ActiveCfg = Debug|Win32
		{BE4CCE5B-E864-400C-996C-CC8D3CF3A33E}.Generate YY and LL files|Win32.ActiveCfg = Release|Win32
		{BE4CCE5B-E864-400C-996C-CC8D3CF3A33E}.Release|Win32.ActiveCfg = Release|Win32
		{87CB044D-9C4D-48A1-A754-63C31EB8BEF8}.Debug|Win32.ActiveCfg = Debug|Win32
		{87CB044D-9C4D-48A1-A754-63C31EB8BEF8}.Generate YY and LL files|Win32.ActiveCfg = Debug|Win32
		{87CB044D-9C4D-48A1-A754-63C31EB8BEF8}.Release|Win32.ActiveCfg = Release|Win32
		{D59F5B99-8160-4344-8DFA-9C4A1DE1D4F0}.Debug|Win32.ActiveCfg = Debug|Win32
		{D59F5B99-8160-4344-8DFA-9C4A1DE1D4F0}.Generate YY and LL files|Win32.ActiveCfg = Release|Win32
		{D59F5B99-8160-4344-8DFA-9C4A1DE1D4F0}.Release|Win32.ActiveCfg = Release|Win32
		{7B69D174-3429-4F18-99A8-35E238C68FEB}.Debug|Win32.ActiveCfg = Debug|Win32
		{7B69D174-3429-4F18-99A8-35E238C68FEB}.Generate YY and LL files|Win32.ActiveCfg = Release|Win32
		{7B69D174-3429-4F18-99A8-35E238C68FEB}.Release|Win32.ActiveCfg = Release|Win32
		{DEF80C5B-5492-4CDA-8265-D649172880F3}.Debug|Win32.ActiveCfg = Debug|Win32
		{DEF80C5B-5492-4CDA-8265-D649172880F3}.Generate YY and LL files|Win32.ActiveCfg = Release|Win32
		{DEF80C5B-5492-4CDA-8265-D649172880F3}.Release|Win32.ActiveCfg = Release|Win32
		{471607B1-ECD2-4048-8DBC-678BF124A603}.Debug|Win32.ActiveCfg = Debug|Win32
		{471607B1-ECD2-4048-8DBC-678BF124A603}.Generate YY and LL files|Win32.ActiveCfg = Release|Win32
		{471607B1-ECD2-4048-8DBC-678BF124A603}.Release|Win32.ActiveCfg = Release|Win32
		{74EEA0FC-E720-4AEE-8627-92CD81A35FF1}.Debug|Win32.ActiveCfg = Debug|Win32
		{74EEA0FC-E720-4AEE-8627-92CD81A35FF1}.Generate YY and LL files|Win32.ActiveCfg = Release|Win32
		{74EEA0FC-E720-4AEE-8627-92CD81A35FF1}.Release|Win32.ActiveCfg = Release|Win32
		{E8722E55-93D2-4ED1-A5C4-C045E59A2609}.Debug|Win32.ActiveCfg = Debug|Win32
		{E8722E55-93D2-4ED1-A5C4-C045E59A2609}.Generate YY and LL files|Win32.ActiveCfg = Debug|Win32
		{E8722E55-93D2-4ED1-A5C4-C045E59A2609}.Release|Win32.ActiveCfg = Release|Win32
		{182151C8-6A51-499B-B604-56918A9E18AD}.Debug|Win32.ActiveCfg = Debug|Win32
		{182151C8-6A51-499B-B604-56918A9E18AD}.Generate YY and LL files|Win32.ActiveCfg = Release|Win32
		{182151C8-6A51-499B-B604-56918A9E18AD}.Release|Win32.ActiveCfg = Release|Win32
		{9C900D7C-DDE4-4E0F-B5DE-A326C39607DC}.Debug|Win32.ActiveCfg = Debug|Win32
		{9C900D7C-DDE4-4E0F-B5DE-A326C39607DC}.Debug|Win32.Build.0 = Debug|Win32
		{9C900D7C-DDE4-4E0F-B5DE-A326C39607DC}.Generate YY and LL files|Win32.ActiveCfg = Release|Win32
		{9C900D7C-DDE4-4E0F-B5DE-A326C39607DC}.Release|Win32.ActiveCfg = Release|Win32
	EndGlobalSection
	GlobalSection(SolutionProperties) = preSolution
		HideSolutionNode = FALSE
	EndGlobalSection
EndGlobal
