
Microsoft Visual Studio Solution File, Format Version 9.00
# Visual C++ Express 2005
Project("{8BC9CEB8-8B4A-11D0-8D11-00A0C91BC942}") = "Onig_test", "Onig_test.vcproj", "{E57E57BD-BF0D-4931-B8B1-C1DA77B4B149}"
EndProject
Global
	GlobalSection(SolutionConfigurationPlatforms) = preSolution
		Debug|Win32 = Debug|Win32
		Release|Win32 = Release|Win32
	EndGlobalSection
	GlobalSection(ProjectConfigurationPlatforms) = postSolution
		{E57E57BD-BF0D-4931-B8B1-C1DA77B4B149}.Debug|Win32.ActiveCfg = Debug|Win32
		{E57E57BD-BF0D-4931-B8B1-C1DA77B4B149}.Debug|Win32.Build.0 = Debug|Win32
		{E57E57BD-BF0D-4931-B8B1-C1DA77B4B149}.Release|Win32.ActiveCfg = Release|Win32
		{E57E57BD-BF0D-4931-B8B1-C1DA77B4B149}.Release|Win32.Build.0 = Release|Win32
	EndGlobalSection
	GlobalSection(SolutionProperties) = preSolution
		HideSolutionNode = FALSE
	EndGlobalSection
EndGlobal
